// !$*UTF8*$!
{
	archiveVersion = 1;
	classes = {
	};
	objectVersion = 46;
	objects = {

/* Begin PBXBuildFile section */
		2ADF0CA750AD89EB88489F50 /* PolskiGrammarApp.swift in Sources */ = {isa = PBXBuildFile; fileRef = 1BC6C564BC17122939218D6B /* PolskiGrammarApp.swift */; };
		2D44D21D9804086EF7E9CCB9 /* RiveRuntime in Frameworks */ = {isa = PBXBuildFile; productRef = 481908C2C99BB71776FFF516 /* RiveRuntime */; };
		4353C3DE2A430F70B2F02048 /* rings.riv in Resources */ = {isa = PBXBuildFile; fileRef = AACD4909302F11BD600BB4E8 /* rings.riv */; };
		55F4710A3A1F69D78546BC9A /* FlashCardView.swift in Sources */ = {isa = PBXBuildFile; fileRef = A8BC8DEA2C3294F3FC7F4A80 /* FlashCardView.swift */; };
		5C43C92425323F9844BFF086 /* FlipRivePerfUITests.swift in Sources */ = {isa = PBXBuildFile; fileRef = ECB36516A22C2239F49A3BD7 /* FlipRivePerfUITests.swift */; };
		7239B0C585B0BBC7B6CBB8EB /* again.riv in Resources */ = {isa = PBXBuildFile; fileRef = 6A5D7C61C0D241DC64C08C17 /* again.riv */; };
		7B68B197A4F095BE2A3C68A3 /* Foundation.framework in Frameworks */ = {isa = PBXBuildFile; fileRef = 641492E099063B9F788A2EAC /* Foundation.framework */; };
		859FF169EB4F54980313A8A1 /* FlipCorrectnessUITests.swift in Sources */ = {isa = PBXBuildFile; fileRef = 85B86C4DBC9EAC3CDCA07C94 /* FlipCorrectnessUITests.swift */; };
		86454F7DC72E17AC58AC96A2 /* Foundation.framework in Frameworks */ = {isa = PBXBuildFile; fileRef = 641492E099063B9F788A2EAC /* Foundation.framework */; };
		9A02C2EB32C9017677BDFA65 /* VocabularyCardView.swift in Sources */ = {isa = PBXBuildFile; fileRef = A48A4F46EBD648BD7894384E /* VocabularyCardView.swift */; };
		9A841BF253E78FE508E974C6 /* chain-complete.riv in Resources */ = {isa = PBXBuildFile; fileRef = BA82AED193EF3B200B87523D /* chain-complete.riv */; };
		A2ACFD182A5CF980523EB6CC /* PolskiGrammarUITests.swift in Sources */ = {isa = PBXBuildFile; fileRef = 7946B7582F73123ED0FDEEDC /* PolskiGrammarUITests.swift */; };
		D8C3026096640A1745B69F02 /* VocabularyFlipUITests.swift in Sources */ = {isa = PBXBuildFile; fileRef = B90AB333A7671C95BE5BB63A /* VocabularyFlipUITests.swift */; };
		DF3436FA91299C0396D6153F /* confetti.riv in Resources */ = {isa = PBXBuildFile; fileRef = 24CCFBB2483750D51DA9361C /* confetti.riv */; };
		EA6C51B818A975ADD3A13533 /* Assets.xcassets in Resources */ = {isa = PBXBuildFile; fileRef = 0EC1CC331A957A04764E91CB /* Assets.xcassets */; };
		EAD331E7E9A7E9E7529BB2E4 /* RiveEffectOverlay.swift in Sources */ = {isa = PBXBuildFile; fileRef = D5F5373B512866559C67FEB2 /* RiveEffectOverlay.swift */; };
/* End PBXBuildFile section */

/* Begin PBXContainerItemProxy section */
		BAA1C4D5C808B729ED6F67AE /* PBXContainerItemProxy */ = {
			isa = PBXContainerItemProxy;
			containerPortal = 1950688B1EC6DAD104364515 /* Project object */;
			proxyType = 1;
			remoteGlobalIDString = 729E94990AC901DBC64787D8;
			remoteInfo = PolskiGrammar;
		};
/* End PBXContainerItemProxy section */

/* Begin PBXFileReference section */
		0EC1CC331A957A04764E91CB /* Assets.xcassets */ = {isa = PBXFileReference; includeInIndex = 1; lastKnownFileType = folder.assetcatalog; path = Assets.xcassets; sourceTree = "<group>"; };
		1BC6C564BC17122939218D6B /* PolskiGrammarApp.swift */ = {isa = PBXFileReference; includeInIndex = 1; lastKnownFileType = sourcecode.swift; path = PolskiGrammarApp.swift; sourceTree = "<group>"; };
		24CCFBB2483750D51DA9361C /* confetti.riv */ = {isa = PBXFileReference; includeInIndex = 1; path = confetti.riv; sourceTree = "<group>"; };
		641492E099063B9F788A2EAC /* Foundation.framework */ = {isa = PBXFileReference; lastKnownFileType = wrapper.framework; name = Foundation.framework; path = Platforms/iPhoneOS.platform/Developer/SDKs/iPhoneOS18.0.sdk/System/Library/Frameworks/Foundation.framework; sourceTree = DEVELOPER_DIR; };
		698218271A3CF9AB43E8E0D3 /* PolskiGrammarUITests.xctest */ = {isa = PBXFileReference; explicitFileType = wrapper.cfbundle; includeInIndex = 0; path = PolskiGrammarUITests.xctest; sourceTree = BUILT_PRODUCTS_DIR; };
		6A5D7C61C0D241DC64C08C17 /* again.riv */ = {isa = PBXFileReference; includeInIndex = 1; path = again.riv; sourceTree = "<group>"; };
		7946B7582F73123ED0FDEEDC /* PolskiGrammarUITests.swift */ = {isa = PBXFileReference; includeInIndex = 1; lastKnownFileType = sourcecode.swift; path = PolskiGrammarUITests.swift; sourceTree = "<group>"; };
		85B86C4DBC9EAC3CDCA07C94 /* FlipCorrectnessUITests.swift */ = {isa = PBXFileReference; includeInIndex = 1; lastKnownFileType = sourcecode.swift; path = FlipCorrectnessUITests.swift; sourceTree = "<group>"; };
		A48A4F46EBD648BD7894384E /* VocabularyCardView.swift */ = {isa = PBXFileReference; includeInIndex = 1; lastKnownFileType = sourcecode.swift; path = VocabularyCardView.swift; sourceTree = "<group>"; };
		A8BC8DEA2C3294F3FC7F4A80 /* FlashCardView.swift */ = {isa = PBXFileReference; includeInIndex = 1; lastKnownFileType = sourcecode.swift; path = FlashCardView.swift; sourceTree = "<group>"; };
		AACD4909302F11BD600BB4E8 /* rings.riv */ = {isa = PBXFileReference; includeInIndex = 1; path = rings.riv; sourceTree = "<group>"; };
		B90AB333A7671C95BE5BB63A /* VocabularyFlipUITests.swift */ = {isa = PBXFileReference; includeInIndex = 1; lastKnownFileType = sourcecode.swift; path = VocabularyFlipUITests.swift; sourceTree = "<group>"; };
		BA82AED193EF3B200B87523D /* chain-complete.riv */ = {isa = PBXFileReference; includeInIndex = 1; path = "chain-complete.riv"; sourceTree = "<group>"; };
		D5F5373B512866559C67FEB2 /* RiveEffectOverlay.swift */ = {isa = PBXFileReference; includeInIndex = 1; lastKnownFileType = sourcecode.swift; path = RiveEffectOverlay.swift; sourceTree = "<group>"; };
		ECB36516A22C2239F49A3BD7 /* FlipRivePerfUITests.swift */ = {isa = PBXFileReference; includeInIndex = 1; lastKnownFileType = sourcecode.swift; path = FlipRivePerfUITests.swift; sourceTree = "<group>"; };
		EFEFD529D5DACB1BF3159280 /* PolskiGrammar.app */ = {isa = PBXFileReference; explicitFileType = wrapper.application; includeInIndex = 0; path = PolskiGrammar.app; sourceTree = BUILT_PRODUCTS_DIR; };
/* End PBXFileReference section */

/* Begin PBXFrameworksBuildPhase section */
		82F44DC6A1270E550DDA5168 /* Frameworks */ = {
			isa = PBXFrameworksBuildPhase;
			buildActionMask = 2147483647;
			files = (
				7B68B197A4F095BE2A3C68A3 /* Foundation.framework in Frameworks */,
			);
			runOnlyForDeploymentPostprocessing = 0;
		};
		9D594B90CAD525246C3B169B /* Frameworks */ = {
			isa = PBXFrameworksBuildPhase;
			buildActionMask = 2147483647;
			files = (
				86454F7DC72E17AC58AC96A2 /* Foundation.framework in Frameworks */,
				2D44D21D9804086EF7E9CCB9 /* RiveRuntime in Frameworks */,
			);
			runOnlyForDeploymentPostprocessing = 0;
		};
/* End PBXFrameworksBuildPhase section */

/* Begin PBXGroup section */
		0DA6C6F37C5E512FC9036FD7 /* Frameworks */ = {
			isa = PBXGroup;
			children = (
				5885A0962D78A2CF7A5E05A2 /* iOS */,
			);
			name = Frameworks;
			sourceTree = "<group>";
		};
		1E27608EFDDF526BF5EA3A03 /* Products */ = {
			isa = PBXGroup;
			children = (
				EFEFD529D5DACB1BF3159280 /* PolskiGrammar.app */,
				698218271A3CF9AB43E8E0D3 /* PolskiGrammarUITests.xctest */,
			);
			name = Products;
			sourceTree = "<group>";
		};
		5885A0962D78A2CF7A5E05A2 /* iOS */ = {
			isa = PBXGroup;
			children = (
				641492E099063B9F788A2EAC /* Foundation.framework */,
			);
			name = iOS;
			sourceTree = "<group>";
		};
		7467B0D2CF7C96C25E31A2AB /* PolskiGrammar */ = {
			isa = PBXGroup;
			children = (
				1BC6C564BC17122939218D6B /* PolskiGrammarApp.swift */,
				A8BC8DEA2C3294F3FC7F4A80 /* FlashCardView.swift */,
				A48A4F46EBD648BD7894384E /* VocabularyCardView.swift */,
				D5F5373B512866559C67FEB2 /* RiveEffectOverlay.swift */,
				0EC1CC331A957A04764E91CB /* Assets.xcassets */,
				8AEE7C9C9EE5070CDF29D56B /* Rive */,
			);
			name = PolskiGrammar;
			path = PolskiGrammar;
			sourceTree = "<group>";
		};
		8980B0ED7BEB59B8E29EE1F0 = {
			isa = PBXGroup;
			children = (
				1E27608EFDDF526BF5EA3A03 /* Products */,
				0DA6C6F37C5E512FC9036FD7 /* Frameworks */,
				7467B0D2CF7C96C25E31A2AB /* PolskiGrammar */,
				B5439C3CA8119EDF6071E62D /* PolskiGrammarUITests */,
			);
			sourceTree = "<group>";
		};
		8AEE7C9C9EE5070CDF29D56B /* Rive */ = {
			isa = PBXGroup;
			children = (
				24CCFBB2483750D51DA9361C /* confetti.riv */,
				6A5D7C61C0D241DC64C08C17 /* again.riv */,
				AACD4909302F11BD600BB4E8 /* rings.riv */,
				BA82AED193EF3B200B87523D /* chain-complete.riv */,
			);
			name = Rive;
			path = Rive;
			sourceTree = "<group>";
		};
		B5439C3CA8119EDF6071E62D /* PolskiGrammarUITests */ = {
			isa = PBXGroup;
			children = (
				7946B7582F73123ED0FDEEDC /* PolskiGrammarUITests.swift */,
				ECB36516A22C2239F49A3BD7 /* FlipRivePerfUITests.swift */,
				85B86C4DBC9EAC3CDCA07C94 /* FlipCorrectnessUITests.swift */,
				B90AB333A7671C95BE5BB63A /* VocabularyFlipUITests.swift */,
			);
			name = PolskiGrammarUITests;
			path = PolskiGrammarUITests;
			sourceTree = "<group>";
		};
/* End PBXGroup section */

/* Begin PBXNativeTarget section */
		1D978DBFCDE84A68805C3465 /* PolskiGrammarUITests */ = {
			isa = PBXNativeTarget;
			buildConfigurationList = FA4A991EAE36766786BE459D /* Build configuration list for PBXNativeTarget "PolskiGrammarUITests" */;
			buildPhases = (
				8A9F103CE7076B6895C9B643 /* Sources */,
				82F44DC6A1270E550DDA5168 /* Frameworks */,
				E519D528AEC7E2F3517A543D /* Resources */,
			);
			buildRules = (
			);
			dependencies = (
				EB0F5B5C65E132DAC194444C /* PBXTargetDependency */,
			);
			name = PolskiGrammarUITests;
			productName = PolskiGrammarUITests;
			productReference = 698218271A3CF9AB43E8E0D3 /* PolskiGrammarUITests.xctest */;
			productType = "com.apple.product-type.bundle.ui-testing";
		};
		729E94990AC901DBC64787D8 /* PolskiGrammar */ = {
			isa = PBXNativeTarget;
			buildConfigurationList = 340651520532C11F4938D649 /* Build configuration list for PBXNativeTarget "PolskiGrammar" */;
			buildPhases = (
				C5B1A4351D4EFBFB48270A20 /* Build Kotlin framework */,
				ADD6DDEC0AA1CCA0B955D608 /* Sources */,
				9D594B90CAD525246C3B169B /* Frameworks */,
				B4101C6DD5A1473A46CDBC27 /* Resources */,
			);
			buildRules = (
			);
			dependencies = (
			);
			name = PolskiGrammar;
			packageProductDependencies = (
				481908C2C99BB71776FFF516 /* RiveRuntime */,
			);
			productName = PolskiGrammar;
			productReference = EFEFD529D5DACB1BF3159280 /* PolskiGrammar.app */;
			productType = "com.apple.product-type.application";
		};
/* End PBXNativeTarget section */

/* Begin PBXProject section */
		1950688B1EC6DAD104364515 /* Project object */ = {
			isa = PBXProject;
			attributes = {
				LastSwiftUpdateCheck = 1600;
				LastUpgradeCheck = 1600;
			};
			buildConfigurationList = F8D599C6719BB812F3C50798 /* Build configuration list for PBXProject "PolskiGrammar" */;
			compatibilityVersion = "Xcode 14.0";
			developmentRegion = ru;
			hasScannedForEncodings = 0;
			knownRegions = (
				en,
				Base,
			);
			mainGroup = 8980B0ED7BEB59B8E29EE1F0;
			minimizedProjectReferenceProxies = 0;
			packageReferences = (
				5086AFC5BE66F405EB89D35E /* XCRemoteSwiftPackageReference "rive-ios" */,
			);
			preferredProjectObjectVersion = 77;
			productRefGroup = 1E27608EFDDF526BF5EA3A03 /* Products */;
			projectDirPath = "";
			projectRoot = "";
			targets = (
				729E94990AC901DBC64787D8 /* PolskiGrammar */,
				1D978DBFCDE84A68805C3465 /* PolskiGrammarUITests */,
			);
		};
/* End PBXProject section */

/* Begin PBXResourcesBuildPhase section */
		B4101C6DD5A1473A46CDBC27 /* Resources */ = {
			isa = PBXResourcesBuildPhase;
			buildActionMask = 2147483647;
			files = (
				EA6C51B818A975ADD3A13533 /* Assets.xcassets in Resources */,
				DF3436FA91299C0396D6153F /* confetti.riv in Resources */,
				7239B0C585B0BBC7B6CBB8EB /* again.riv in Resources */,
				4353C3DE2A430F70B2F02048 /* rings.riv in Resources */,
				9A841BF253E78FE508E974C6 /* chain-complete.riv in Resources */,
			);
			runOnlyForDeploymentPostprocessing = 0;
		};
		E519D528AEC7E2F3517A543D /* Resources */ = {
			isa = PBXResourcesBuildPhase;
			buildActionMask = 2147483647;
			files = (
			);
			runOnlyForDeploymentPostprocessing = 0;
		};
/* End PBXResourcesBuildPhase section */

/* Begin PBXShellScriptBuildPhase section */
		C5B1A4351D4EFBFB48270A20 /* Build Kotlin framework */ = {
			isa = PBXShellScriptBuildPhase;
			alwaysOutOfDate = 1;
			buildActionMask = 2147483647;
			files = (
			);
			inputFileListPaths = (
			);
			inputPaths = (
			);
			name = "Build Kotlin framework";
			outputFileListPaths = (
			);
			outputPaths = (
			);
			runOnlyForDeploymentPostprocessing = 0;
			shellPath = /bin/sh;
			shellScript = "set -euo pipefail\ncd \"${SRCROOT}/..\"\nif [[ \"${PLATFORM_NAME}\" == \"iphonesimulator\" ]]; then\n  KOTLIN_TARGET=\"IosSimulatorArm64\"\n  KOTLIN_FOLDER=\"iosSimulatorArm64\"\nelse\n  KOTLIN_TARGET=\"IosArm64\"\n  KOTLIN_FOLDER=\"iosArm64\"\nfi\n./gradlew \":shared:linkDebugFramework${KOTLIN_TARGET}\" --console=plain\nrm -rf \"${BUILT_PRODUCTS_DIR}/PolskiShared.framework\"\ncp -R \"shared/build/bin/${KOTLIN_FOLDER}/debugFramework/PolskiShared.framework\" \"${BUILT_PRODUCTS_DIR}/PolskiShared.framework\"\n";
		};
/* End PBXShellScriptBuildPhase section */

/* Begin PBXSourcesBuildPhase section */
		8A9F103CE7076B6895C9B643 /* Sources */ = {
			isa = PBXSourcesBuildPhase;
			buildActionMask = 2147483647;
			files = (
				A2ACFD182A5CF980523EB6CC /* PolskiGrammarUITests.swift in Sources */,
				5C43C92425323F9844BFF086 /* FlipRivePerfUITests.swift in Sources */,
				859FF169EB4F54980313A8A1 /* FlipCorrectnessUITests.swift in Sources */,
				D8C3026096640A1745B69F02 /* VocabularyFlipUITests.swift in Sources */,
			);
			runOnlyForDeploymentPostprocessing = 0;
		};
		ADD6DDEC0AA1CCA0B955D608 /* Sources */ = {
			isa = PBXSourcesBuildPhase;
			buildActionMask = 2147483647;
			files = (
				2ADF0CA750AD89EB88489F50 /* PolskiGrammarApp.swift in Sources */,
				55F4710A3A1F69D78546BC9A /* FlashCardView.swift in Sources */,
				9A02C2EB32C9017677BDFA65 /* VocabularyCardView.swift in Sources */,
				EAD331E7E9A7E9E7529BB2E4 /* RiveEffectOverlay.swift in Sources */,
			);
			runOnlyForDeploymentPostprocessing = 0;
		};
/* End PBXSourcesBuildPhase section */

/* Begin PBXTargetDependency section */
		EB0F5B5C65E132DAC194444C /* PBXTargetDependency */ = {
			isa = PBXTargetDependency;
			name = PolskiGrammar;
			target = 729E94990AC901DBC64787D8 /* PolskiGrammar */;
			targetProxy = BAA1C4D5C808B729ED6F67AE /* PBXContainerItemProxy */;
		};
/* End PBXTargetDependency section */

/* Begin XCBuildConfiguration section */
		19157E65AE29A3F79C856150 /* Debug */ = {
			isa = XCBuildConfiguration;
			buildSettings = {
				ALWAYS_SEARCH_USER_PATHS = NO;
				CLANG_ANALYZER_NONNULL = YES;
				CLANG_ANALYZER_NUMBER_OBJECT_CONVERSION = YES_AGGRESSIVE;
				CLANG_CXX_LANGUAGE_STANDARD = "gnu++14";
				CLANG_CXX_LIBRARY = "libc++";
				CLANG_ENABLE_MODULES = YES;
				CLANG_ENABLE_OBJC_ARC = YES;
				CLANG_ENABLE_OBJC_WEAK = YES;
				CLANG_WARN_BLOCK_CAPTURE_AUTORELEASING = YES;
				CLANG_WARN_BOOL_CONVERSION = YES;
				CLANG_WARN_COMMA = YES;
				CLANG_WARN_CONSTANT_CONVERSION = YES;
				CLANG_WARN_DEPRECATED_OBJC_IMPLEMENTATIONS = YES;
				CLANG_WARN_DIRECT_OBJC_ISA_USAGE = YES_ERROR;
				CLANG_WARN_DOCUMENTATION_COMMENTS = YES;
				CLANG_WARN_EMPTY_BODY = YES;
				CLANG_WARN_ENUM_CONVERSION = YES;
				CLANG_WARN_INFINITE_RECURSION = YES;
				CLANG_WARN_INT_CONVERSION = YES;
				CLANG_WARN_NON_LITERAL_NULL_CONVERSION = YES;
				CLANG_WARN_OBJC_IMPLICIT_RETAIN_SELF = YES;
				CLANG_WARN_OBJC_LITERAL_CONVERSION = YES;
				CLANG_WARN_OBJC_ROOT_CLASS = YES_ERROR;
				CLANG_WARN_QUOTED_INCLUDE_IN_FRAMEWORK_HEADER = YES;
				CLANG_WARN_RANGE_LOOP_ANALYSIS = YES;
				CLANG_WARN_STRICT_PROTOTYPES = YES;
				CLANG_WARN_SUSPICIOUS_MOVE = YES;
				CLANG_WARN_UNGUARDED_AVAILABILITY = YES_AGGRESSIVE;
				CLANG_WARN_UNREACHABLE_CODE = YES;
				CLANG_WARN__DUPLICATE_METHOD_MATCH = YES;
				COPY_PHASE_STRIP = NO;
				DEBUG_INFORMATION_FORMAT = dwarf;
				ENABLE_STRICT_OBJC_MSGSEND = YES;
				ENABLE_TESTABILITY = YES;
				GCC_C_LANGUAGE_STANDARD = gnu11;
				GCC_DYNAMIC_NO_PIC = NO;
				GCC_NO_COMMON_BLOCKS = YES;
				GCC_OPTIMIZATION_LEVEL = 0;
				GCC_PREPROCESSOR_DEFINITIONS = (
					"DEBUG=1",
					"$(inherited)",
				);
				GCC_WARN_64_TO_32_BIT_CONVERSION = YES;
				GCC_WARN_ABOUT_RETURN_TYPE = YES_ERROR;
				GCC_WARN_UNDECLARED_SELECTOR = YES;
				GCC_WARN_UNINITIALIZED_AUTOS = YES_AGGRESSIVE;
				GCC_WARN_UNUSED_FUNCTION = YES;
				GCC_WARN_UNUSED_VARIABLE = YES;
				IPHONEOS_DEPLOYMENT_TARGET = 17.0;
				MTL_ENABLE_DEBUG_INFO = INCLUDE_SOURCE;
				MTL_FAST_MATH = YES;
				ONLY_ACTIVE_ARCH = YES;
				PRODUCT_NAME = "$(TARGET_NAME)";
				SWIFT_ACTIVE_COMPILATION_CONDITIONS = DEBUG;
				SWIFT_OPTIMIZATION_LEVEL = "-Onone";
				SWIFT_VERSION = 5.0;
			};
			name = Debug;
		};
		1F6413D79367755073249DA2 /* Release */ = {
			isa = XCBuildConfiguration;
			buildSettings = {
				ALWAYS_SEARCH_USER_PATHS = NO;
				CLANG_ANALYZER_NONNULL = YES;
				CLANG_ANALYZER_NUMBER_OBJECT_CONVERSION = YES_AGGRESSIVE;
				CLANG_CXX_LANGUAGE_STANDARD = "gnu++14";
				CLANG_CXX_LIBRARY = "libc++";
				CLANG_ENABLE_MODULES = YES;
				CLANG_ENABLE_OBJC_ARC = YES;
				CLANG_ENABLE_OBJC_WEAK = YES;
				CLANG_WARN_BLOCK_CAPTURE_AUTORELEASING = YES;
				CLANG_WARN_BOOL_CONVERSION = YES;
				CLANG_WARN_COMMA = YES;
				CLANG_WARN_CONSTANT_CONVERSION = YES;
				CLANG_WARN_DEPRECATED_OBJC_IMPLEMENTATIONS = YES;
				CLANG_WARN_DIRECT_OBJC_ISA_USAGE = YES_ERROR;
				CLANG_WARN_DOCUMENTATION_COMMENTS = YES;
				CLANG_WARN_EMPTY_BODY = YES;
				CLANG_WARN_ENUM_CONVERSION = YES;
				CLANG_WARN_INFINITE_RECURSION = YES;
				CLANG_WARN_INT_CONVERSION = YES;
				CLANG_WARN_NON_LITERAL_NULL_CONVERSION = YES;
				CLANG_WARN_OBJC_IMPLICIT_RETAIN_SELF = YES;
				CLANG_WARN_OBJC_LITERAL_CONVERSION = YES;
				CLANG_WARN_OBJC_ROOT_CLASS = YES_ERROR;
				CLANG_WARN_QUOTED_INCLUDE_IN_FRAMEWORK_HEADER = YES;
				CLANG_WARN_RANGE_LOOP_ANALYSIS = YES;
				CLANG_WARN_STRICT_PROTOTYPES = YES;
				CLANG_WARN_SUSPICIOUS_MOVE = YES;
				CLANG_WARN_UNGUARDED_AVAILABILITY = YES_AGGRESSIVE;
				CLANG_WARN_UNREACHABLE_CODE = YES;
				CLANG_WARN__DUPLICATE_METHOD_MATCH = YES;
				COPY_PHASE_STRIP = NO;
				DEBUG_INFORMATION_FORMAT = "dwarf-with-dsym";
				ENABLE_NS_ASSERTIONS = NO;
				ENABLE_STRICT_OBJC_MSGSEND = YES;
				GCC_C_LANGUAGE_STANDARD = gnu11;
				GCC_NO_COMMON_BLOCKS = YES;
				GCC_WARN_64_TO_32_BIT_CONVERSION = YES;
				GCC_WARN_ABOUT_RETURN_TYPE = YES_ERROR;
				GCC_WARN_UNDECLARED_SELECTOR = YES;
				GCC_WARN_UNINITIALIZED_AUTOS = YES_AGGRESSIVE;
				GCC_WARN_UNUSED_FUNCTION = YES;
				GCC_WARN_UNUSED_VARIABLE = YES;
				IPHONEOS_DEPLOYMENT_TARGET = 17.0;
				MTL_ENABLE_DEBUG_INFO = NO;
				MTL_FAST_MATH = YES;
				PRODUCT_NAME = "$(TARGET_NAME)";
				SWIFT_COMPILATION_MODE = wholemodule;
				SWIFT_OPTIMIZATION_LEVEL = "-O";
				SWIFT_VERSION = 5.0;
			};
			name = Release;
		};
		3DEE746AA1F5EA6520A4F564 /* Debug */ = {
			isa = XCBuildConfiguration;
			buildSettings = {
				CLANG_ENABLE_OBJC_WEAK = NO;
				GENERATE_INFOPLIST_FILE = YES;
				IPHONEOS_DEPLOYMENT_TARGET = 17.0;
				PRODUCT_BUNDLE_IDENTIFIER = dev.polski.grammarmatrix.ios.uitests;
				SDKROOT = iphoneos;
				SWIFT_VERSION = 5.0;
				TARGETED_DEVICE_FAMILY = "1,2";
				TEST_TARGET_NAME = PolskiGrammar;
			};
			name = Debug;
		};
		480965A1489F5AC9B50A6220 /* Release */ = {
			isa = XCBuildConfiguration;
			buildSettings = {
				ASSETCATALOG_COMPILER_APPICON_NAME = AppIcon;
				ASSETCATALOG_COMPILER_GLOBAL_ACCENT_COLOR_NAME = AccentColor;
				CLANG_ENABLE_OBJC_WEAK = NO;
				CODE_SIGN_STYLE = Automatic;
				FRAMEWORK_SEARCH_PATHS = (
					"$(inherited)",
					"$(BUILT_PRODUCTS_DIR)",
				);
				GENERATE_INFOPLIST_FILE = YES;
				INFOPLIST_KEY_CFBundleDisplayName = "Polski Grammar Matrix";
				INFOPLIST_KEY_UIApplicationSceneManifest_Generation = YES;
				INFOPLIST_KEY_UILaunchScreen_Generation = YES;
				INFOPLIST_KEY_UISupportedInterfaceOrientations = "UIInterfaceOrientationPortrait UIInterfaceOrientationPortraitUpsideDown UIInterfaceOrientationLandscapeLeft UIInterfaceOrientationLandscapeRight";
				IPHONEOS_DEPLOYMENT_TARGET = 17.0;
				LD_RUNPATH_SEARCH_PATHS = "$(inherited) @executable_path/Frameworks";
				OTHER_LDFLAGS = (
					"$(inherited)",
					"-framework",
					PolskiShared,
				);
				PRODUCT_BUNDLE_IDENTIFIER = dev.polski.grammarmatrix.ios;
				PRODUCT_NAME = PolskiGrammar;
				SDKROOT = iphoneos;
				SWIFT_VERSION = 5.0;
				TARGETED_DEVICE_FAMILY = "1,2";
				VALIDATE_PRODUCT = YES;
			};
			name = Release;
		};
		769205B2DBD1B2620987D96B /* Release */ = {
			isa = XCBuildConfiguration;
			buildSettings = {
				CLANG_ENABLE_OBJC_WEAK = NO;
				GENERATE_INFOPLIST_FILE = YES;
				IPHONEOS_DEPLOYMENT_TARGET = 17.0;
				PRODUCT_BUNDLE_IDENTIFIER = dev.polski.grammarmatrix.ios.uitests;
				SDKROOT = iphoneos;
				SWIFT_VERSION = 5.0;
				TARGETED_DEVICE_FAMILY = "1,2";
				TEST_TARGET_NAME = PolskiGrammar;
				VALIDATE_PRODUCT = YES;
			};
			name = Release;
		};
		89F557709E77B0D77E1DA69A /* Debug */ = {
			isa = XCBuildConfiguration;
			buildSettings = {
				ASSETCATALOG_COMPILER_APPICON_NAME = AppIcon;
				ASSETCATALOG_COMPILER_GLOBAL_ACCENT_COLOR_NAME = AccentColor;
				CLANG_ENABLE_OBJC_WEAK = NO;
				CODE_SIGN_STYLE = Automatic;
				FRAMEWORK_SEARCH_PATHS = (
					"$(inherited)",
					"$(BUILT_PRODUCTS_DIR)",
				);
				GENERATE_INFOPLIST_FILE = YES;
				INFOPLIST_KEY_CFBundleDisplayName = "Polski Grammar Matrix";
				INFOPLIST_KEY_UIApplicationSceneManifest_Generation = YES;
				INFOPLIST_KEY_UILaunchScreen_Generation = YES;
				INFOPLIST_KEY_UISupportedInterfaceOrientations = "UIInterfaceOrientationPortrait UIInterfaceOrientationPortraitUpsideDown UIInterfaceOrientationLandscapeLeft UIInterfaceOrientationLandscapeRight";
				IPHONEOS_DEPLOYMENT_TARGET = 17.0;
				LD_RUNPATH_SEARCH_PATHS = "$(inherited) @executable_path/Frameworks";
				OTHER_LDFLAGS = (
					"$(inherited)",
					"-framework",
					PolskiShared,
				);
				PRODUCT_BUNDLE_IDENTIFIER = dev.polski.grammarmatrix.ios;
				PRODUCT_NAME = PolskiGrammar;
				SDKROOT = iphoneos;
				SWIFT_VERSION = 5.0;
				TARGETED_DEVICE_FAMILY = "1,2";
			};
			name = Debug;
		};
/* End XCBuildConfiguration section */

/* Begin XCConfigurationList section */
		340651520532C11F4938D649 /* Build configuration list for PBXNativeTarget "PolskiGrammar" */ = {
			isa = XCConfigurationList;
			buildConfigurations = (
				480965A1489F5AC9B50A6220 /* Release */,
				89F557709E77B0D77E1DA69A /* Debug */,
			);
			defaultConfigurationIsVisible = 0;
			defaultConfigurationName = Release;
		};
		F8D599C6719BB812F3C50798 /* Build configuration list for PBXProject "PolskiGrammar" */ = {
			isa = XCConfigurationList;
			buildConfigurations = (
				19157E65AE29A3F79C856150 /* Debug */,
				1F6413D79367755073249DA2 /* Release */,
			);
			defaultConfigurationIsVisible = 0;
			defaultConfigurationName = Release;
		};
		FA4A991EAE36766786BE459D /* Build configuration list for PBXNativeTarget "PolskiGrammarUITests" */ = {
			isa = XCConfigurationList;
			buildConfigurations = (
				769205B2DBD1B2620987D96B /* Release */,
				3DEE746AA1F5EA6520A4F564 /* Debug */,
			);
			defaultConfigurationIsVisible = 0;
			defaultConfigurationName = Release;
		};
/* End XCConfigurationList section */

/* Begin XCRemoteSwiftPackageReference section */
		5086AFC5BE66F405EB89D35E /* XCRemoteSwiftPackageReference "rive-ios" */ = {
			isa = XCRemoteSwiftPackageReference;
			repositoryURL = "https://github.com/rive-app/rive-ios";
			requirement = {
				kind = upToNextMajorVersion;
				minimumVersion = 6.27.0;
			};
		};
/* End XCRemoteSwiftPackageReference section */

/* Begin XCSwiftPackageProductDependency section */
		481908C2C99BB71776FFF516 /* RiveRuntime */ = {
			isa = XCSwiftPackageProductDependency;
			package = 5086AFC5BE66F405EB89D35E /* XCRemoteSwiftPackageReference "rive-ios" */;
			productName = RiveRuntime;
		};
/* End XCSwiftPackageProductDependency section */
	};
	rootObject = 1950688B1EC6DAD104364515 /* Project object */;
}
