// !$*UTF8*$!
{
	archiveVersion = 1;
	classes = {
	};
	objectVersion = 46;
	objects = {

/* Begin PBXBuildFile section */
		41CEB7EC7C0A2DCBB631E389 /* FlashCardView.swift in Sources */ = {isa = PBXBuildFile; fileRef = 4CB2BF9EAB4C966E66D5BFA4 /* FlashCardView.swift */; };
		53C9EA973B43C2EB48466EA9 /* chain-complete.riv in Resources */ = {isa = PBXBuildFile; fileRef = 6EB7D6884AA0DF53077DF76E /* chain-complete.riv */; };
		5EB1B46A6504378E915ECFDD /* SwipeToRate.swift in Sources */ = {isa = PBXBuildFile; fileRef = 053F8DB1EAC02BE68604EA38 /* SwipeToRate.swift */; };
		63941B4282B6C1C32C3DAF8C /* Assets.xcassets in Resources */ = {isa = PBXBuildFile; fileRef = DE337661A3BC99B1F19F4BF8 /* Assets.xcassets */; };
		671451D1F39035C9ED887DC7 /* PolskiGrammarUITests.swift in Sources */ = {isa = PBXBuildFile; fileRef = 07D03D1D94F611DD0072A670 /* PolskiGrammarUITests.swift */; };
		68201768D109CEDD2684DA8D /* RiveRuntime in Frameworks */ = {isa = PBXBuildFile; productRef = 4D15E687014AB5F64FA87B51 /* RiveRuntime */; };
		8FC270348B2B8F65DBF0CFB1 /* RiveEffectOverlay.swift in Sources */ = {isa = PBXBuildFile; fileRef = 0BE9912A4807A6D7581E8EE4 /* RiveEffectOverlay.swift */; };
		B576BB9AF17151EB187B94D9 /* VocabularyCardView.swift in Sources */ = {isa = PBXBuildFile; fileRef = BB6E0E051B38721405D6922C /* VocabularyCardView.swift */; };
		DEF7E5B799AFE14D92C2B9FE /* again.riv in Resources */ = {isa = PBXBuildFile; fileRef = 9AEB1ADA0A69E8811372A82A /* again.riv */; };
		E542A6DA70F4E14C6CFB74A1 /* Foundation.framework in Frameworks */ = {isa = PBXBuildFile; fileRef = 9EE44975A8851DC2C75D8C78 /* Foundation.framework */; };
		E7C0BE2670E2B289C0A62B30 /* confetti.riv in Resources */ = {isa = PBXBuildFile; fileRef = F78EDA18087A63918C166BB2 /* confetti.riv */; };
		EBB887105C915C857BA5616F /* VocabularyFlipUITests.swift in Sources */ = {isa = PBXBuildFile; fileRef = ABE7B56EFD1240E63C7D7B6A /* VocabularyFlipUITests.swift */; };
		EECB8876E53D3EC387FE87ED /* FlipCorrectnessUITests.swift in Sources */ = {isa = PBXBuildFile; fileRef = 737897D5702C403C8A951108 /* FlipCorrectnessUITests.swift */; };
		F1F30A051BC8A67C693F103C /* PolskiGrammarApp.swift in Sources */ = {isa = PBXBuildFile; fileRef = 1178E879D5E2A5B365E25D67 /* PolskiGrammarApp.swift */; };
		F8E4045352128D11DC2949A2 /* FlipRivePerfUITests.swift in Sources */ = {isa = PBXBuildFile; fileRef = 6B8308EFED14B890599759F7 /* FlipRivePerfUITests.swift */; };
		FE674E566A69B5DD91E6C9AD /* Foundation.framework in Frameworks */ = {isa = PBXBuildFile; fileRef = 9EE44975A8851DC2C75D8C78 /* Foundation.framework */; };
/* End PBXBuildFile section */

/* Begin PBXContainerItemProxy section */
		2DD073A2264015E31D1E0EF6 /* PBXContainerItemProxy */ = {
			isa = PBXContainerItemProxy;
			containerPortal = FA7BF08E3714665308C5BBD6 /* Project object */;
			proxyType = 1;
			remoteGlobalIDString = FB44DB4E577994D6812B3719;
			remoteInfo = PolskiGrammar;
		};
/* End PBXContainerItemProxy section */

/* Begin PBXFileReference section */
		053F8DB1EAC02BE68604EA38 /* SwipeToRate.swift */ = {isa = PBXFileReference; includeInIndex = 1; lastKnownFileType = sourcecode.swift; path = SwipeToRate.swift; sourceTree = "<group>"; };
		07D03D1D94F611DD0072A670 /* PolskiGrammarUITests.swift */ = {isa = PBXFileReference; includeInIndex = 1; lastKnownFileType = sourcecode.swift; path = PolskiGrammarUITests.swift; sourceTree = "<group>"; };
		0BE9912A4807A6D7581E8EE4 /* RiveEffectOverlay.swift */ = {isa = PBXFileReference; includeInIndex = 1; lastKnownFileType = sourcecode.swift; path = RiveEffectOverlay.swift; sourceTree = "<group>"; };
		1178E879D5E2A5B365E25D67 /* PolskiGrammarApp.swift */ = {isa = PBXFileReference; includeInIndex = 1; lastKnownFileType = sourcecode.swift; path = PolskiGrammarApp.swift; sourceTree = "<group>"; };
		4CB2BF9EAB4C966E66D5BFA4 /* FlashCardView.swift */ = {isa = PBXFileReference; includeInIndex = 1; lastKnownFileType = sourcecode.swift; path = FlashCardView.swift; sourceTree = "<group>"; };
		6B8308EFED14B890599759F7 /* FlipRivePerfUITests.swift */ = {isa = PBXFileReference; includeInIndex = 1; lastKnownFileType = sourcecode.swift; path = FlipRivePerfUITests.swift; sourceTree = "<group>"; };
		6EB7D6884AA0DF53077DF76E /* chain-complete.riv */ = {isa = PBXFileReference; includeInIndex = 1; path = "chain-complete.riv"; sourceTree = "<group>"; };
		737897D5702C403C8A951108 /* FlipCorrectnessUITests.swift */ = {isa = PBXFileReference; includeInIndex = 1; lastKnownFileType = sourcecode.swift; path = FlipCorrectnessUITests.swift; sourceTree = "<group>"; };
		9AEB1ADA0A69E8811372A82A /* again.riv */ = {isa = PBXFileReference; includeInIndex = 1; path = again.riv; sourceTree = "<group>"; };
		9EE44975A8851DC2C75D8C78 /* Foundation.framework */ = {isa = PBXFileReference; lastKnownFileType = wrapper.framework; name = Foundation.framework; path = Platforms/iPhoneOS.platform/Developer/SDKs/iPhoneOS18.0.sdk/System/Library/Frameworks/Foundation.framework; sourceTree = DEVELOPER_DIR; };
		ABE7B56EFD1240E63C7D7B6A /* VocabularyFlipUITests.swift */ = {isa = PBXFileReference; includeInIndex = 1; lastKnownFileType = sourcecode.swift; path = VocabularyFlipUITests.swift; sourceTree = "<group>"; };
		BB6E0E051B38721405D6922C /* VocabularyCardView.swift */ = {isa = PBXFileReference; includeInIndex = 1; lastKnownFileType = sourcecode.swift; path = VocabularyCardView.swift; sourceTree = "<group>"; };
		D85EA2DDF7F9F231D1252022 /* PolskiGrammarUITests.xctest */ = {isa = PBXFileReference; explicitFileType = wrapper.cfbundle; includeInIndex = 0; path = PolskiGrammarUITests.xctest; sourceTree = BUILT_PRODUCTS_DIR; };
		DE337661A3BC99B1F19F4BF8 /* Assets.xcassets */ = {isa = PBXFileReference; includeInIndex = 1; lastKnownFileType = folder.assetcatalog; path = Assets.xcassets; sourceTree = "<group>"; };
		F0FFA7C8A5ADA39285798D73 /* PolskiGrammar.app */ = {isa = PBXFileReference; explicitFileType = wrapper.application; includeInIndex = 0; path = PolskiGrammar.app; sourceTree = BUILT_PRODUCTS_DIR; };
		F78EDA18087A63918C166BB2 /* confetti.riv */ = {isa = PBXFileReference; includeInIndex = 1; path = confetti.riv; sourceTree = "<group>"; };
/* End PBXFileReference section */

/* Begin PBXFrameworksBuildPhase section */
		5FE081C70D4994C8CCBF7BFE /* Frameworks */ = {
			isa = PBXFrameworksBuildPhase;
			buildActionMask = 2147483647;
			files = (
				FE674E566A69B5DD91E6C9AD /* Foundation.framework in Frameworks */,
				68201768D109CEDD2684DA8D /* RiveRuntime in Frameworks */,
			);
			runOnlyForDeploymentPostprocessing = 0;
		};
		6D4DD12211733CE3C27E1870 /* Frameworks */ = {
			isa = PBXFrameworksBuildPhase;
			buildActionMask = 2147483647;
			files = (
				E542A6DA70F4E14C6CFB74A1 /* Foundation.framework in Frameworks */,
			);
			runOnlyForDeploymentPostprocessing = 0;
		};
/* End PBXFrameworksBuildPhase section */

/* Begin PBXGroup section */
		0102246E29EBAADCFD411CA9 /* iOS */ = {
			isa = PBXGroup;
			children = (
				9EE44975A8851DC2C75D8C78 /* Foundation.framework */,
			);
			name = iOS;
			sourceTree = "<group>";
		};
		0842D78D2BB0C57367E7C648 = {
			isa = PBXGroup;
			children = (
				E7F2B4F6300D9DB37C8D8C67 /* Products */,
				AEBBB3414CFB19FC68C65147 /* Frameworks */,
				B230FCE68FAD29A7A86432A6 /* PolskiGrammar */,
				4451116101BE26DFD9DB8975 /* PolskiGrammarUITests */,
			);
			sourceTree = "<group>";
		};
		4451116101BE26DFD9DB8975 /* PolskiGrammarUITests */ = {
			isa = PBXGroup;
			children = (
				07D03D1D94F611DD0072A670 /* PolskiGrammarUITests.swift */,
				6B8308EFED14B890599759F7 /* FlipRivePerfUITests.swift */,
				737897D5702C403C8A951108 /* FlipCorrectnessUITests.swift */,
				ABE7B56EFD1240E63C7D7B6A /* VocabularyFlipUITests.swift */,
			);
			name = PolskiGrammarUITests;
			path = PolskiGrammarUITests;
			sourceTree = "<group>";
		};
		9E813BD4BBBAC20EC4A148F1 /* Rive */ = {
			isa = PBXGroup;
			children = (
				F78EDA18087A63918C166BB2 /* confetti.riv */,
				9AEB1ADA0A69E8811372A82A /* again.riv */,
				6EB7D6884AA0DF53077DF76E /* chain-complete.riv */,
			);
			name = Rive;
			path = Rive;
			sourceTree = "<group>";
		};
		AEBBB3414CFB19FC68C65147 /* Frameworks */ = {
			isa = PBXGroup;
			children = (
				0102246E29EBAADCFD411CA9 /* iOS */,
			);
			name = Frameworks;
			sourceTree = "<group>";
		};
		B230FCE68FAD29A7A86432A6 /* PolskiGrammar */ = {
			isa = PBXGroup;
			children = (
				1178E879D5E2A5B365E25D67 /* PolskiGrammarApp.swift */,
				4CB2BF9EAB4C966E66D5BFA4 /* FlashCardView.swift */,
				BB6E0E051B38721405D6922C /* VocabularyCardView.swift */,
				053F8DB1EAC02BE68604EA38 /* SwipeToRate.swift */,
				0BE9912A4807A6D7581E8EE4 /* RiveEffectOverlay.swift */,
				DE337661A3BC99B1F19F4BF8 /* Assets.xcassets */,
				9E813BD4BBBAC20EC4A148F1 /* Rive */,
			);
			name = PolskiGrammar;
			path = PolskiGrammar;
			sourceTree = "<group>";
		};
		E7F2B4F6300D9DB37C8D8C67 /* Products */ = {
			isa = PBXGroup;
			children = (
				F0FFA7C8A5ADA39285798D73 /* PolskiGrammar.app */,
				D85EA2DDF7F9F231D1252022 /* PolskiGrammarUITests.xctest */,
			);
			name = Products;
			sourceTree = "<group>";
		};
/* End PBXGroup section */

/* Begin PBXNativeTarget section */
		E0A681CEBE42981E9E8B27E5 /* PolskiGrammarUITests */ = {
			isa = PBXNativeTarget;
			buildConfigurationList = 8BAE116421FB7AAFAA2049C5 /* Build configuration list for PBXNativeTarget "PolskiGrammarUITests" */;
			buildPhases = (
				42070A997C2FF9E5E5BE6A87 /* Sources */,
				6D4DD12211733CE3C27E1870 /* Frameworks */,
				41574163B089C097715BE1D4 /* Resources */,
			);
			buildRules = (
			);
			dependencies = (
				66AA29B6FBE679B91EB9060E /* PBXTargetDependency */,
			);
			name = PolskiGrammarUITests;
			productName = PolskiGrammarUITests;
			productReference = D85EA2DDF7F9F231D1252022 /* PolskiGrammarUITests.xctest */;
			productType = "com.apple.product-type.bundle.ui-testing";
		};
		FB44DB4E577994D6812B3719 /* PolskiGrammar */ = {
			isa = PBXNativeTarget;
			buildConfigurationList = 7CF87CE9DBA4C62B533E36EC /* Build configuration list for PBXNativeTarget "PolskiGrammar" */;
			buildPhases = (
				C38E662F46C4315E8FC94619 /* Build Kotlin framework */,
				2BA729BCD23BA4D1B17284A5 /* Sources */,
				5FE081C70D4994C8CCBF7BFE /* Frameworks */,
				54A44374E0586A1BC0790D46 /* Resources */,
			);
			buildRules = (
			);
			dependencies = (
			);
			name = PolskiGrammar;
			packageProductDependencies = (
				4D15E687014AB5F64FA87B51 /* RiveRuntime */,
			);
			productName = PolskiGrammar;
			productReference = F0FFA7C8A5ADA39285798D73 /* PolskiGrammar.app */;
			productType = "com.apple.product-type.application";
		};
/* End PBXNativeTarget section */

/* Begin PBXProject section */
		FA7BF08E3714665308C5BBD6 /* Project object */ = {
			isa = PBXProject;
			attributes = {
				LastSwiftUpdateCheck = 1600;
				LastUpgradeCheck = 1600;
			};
			buildConfigurationList = A6AC18D9231441DCD4AF1B1D /* Build configuration list for PBXProject "PolskiGrammar" */;
			compatibilityVersion = "Xcode 14.0";
			developmentRegion = ru;
			hasScannedForEncodings = 0;
			knownRegions = (
				en,
				Base,
			);
			mainGroup = 0842D78D2BB0C57367E7C648;
			minimizedProjectReferenceProxies = 0;
			packageReferences = (
				8FA855D566D4854314E84720 /* XCRemoteSwiftPackageReference "rive-ios" */,
			);
			preferredProjectObjectVersion = 77;
			productRefGroup = E7F2B4F6300D9DB37C8D8C67 /* Products */;
			projectDirPath = "";
			projectRoot = "";
			targets = (
				FB44DB4E577994D6812B3719 /* PolskiGrammar */,
				E0A681CEBE42981E9E8B27E5 /* PolskiGrammarUITests */,
			);
		};
/* End PBXProject section */

/* Begin PBXResourcesBuildPhase section */
		41574163B089C097715BE1D4 /* Resources */ = {
			isa = PBXResourcesBuildPhase;
			buildActionMask = 2147483647;
			files = (
			);
			runOnlyForDeploymentPostprocessing = 0;
		};
		54A44374E0586A1BC0790D46 /* Resources */ = {
			isa = PBXResourcesBuildPhase;
			buildActionMask = 2147483647;
			files = (
				63941B4282B6C1C32C3DAF8C /* Assets.xcassets in Resources */,
				E7C0BE2670E2B289C0A62B30 /* confetti.riv in Resources */,
				DEF7E5B799AFE14D92C2B9FE /* again.riv in Resources */,
				53C9EA973B43C2EB48466EA9 /* chain-complete.riv in Resources */,
			);
			runOnlyForDeploymentPostprocessing = 0;
		};
/* End PBXResourcesBuildPhase section */

/* Begin PBXShellScriptBuildPhase section */
		C38E662F46C4315E8FC94619 /* Build Kotlin framework */ = {
			isa = PBXShellScriptBuildPhase;
			alwaysOutOfDate = 1;
			buildActionMask = 2147483647;
			files = (
			);
			inputFileListPaths = (
			);
			inputPaths = (
			);
			name = "Build Kotlin framework";
			outputFileListPaths = (
			);
			outputPaths = (
			);
			runOnlyForDeploymentPostprocessing = 0;
			shellPath = /bin/sh;
			shellScript = "set -euo pipefail\ncd \"${SRCROOT}/..\"\nif [[ \"${PLATFORM_NAME}\" == \"iphonesimulator\" ]]; then\n  KOTLIN_TARGET=\"IosSimulatorArm64\"\n  KOTLIN_FOLDER=\"iosSimulatorArm64\"\nelse\n  KOTLIN_TARGET=\"IosArm64\"\n  KOTLIN_FOLDER=\"iosArm64\"\nfi\n./gradlew \":shared:linkDebugFramework${KOTLIN_TARGET}\" --console=plain\nrm -rf \"${BUILT_PRODUCTS_DIR}/PolskiShared.framework\"\ncp -R \"shared/build/bin/${KOTLIN_FOLDER}/debugFramework/PolskiShared.framework\" \"${BUILT_PRODUCTS_DIR}/PolskiShared.framework\"\n";
		};
/* End PBXShellScriptBuildPhase section */

/* Begin PBXSourcesBuildPhase section */
		2BA729BCD23BA4D1B17284A5 /* Sources */ = {
			isa = PBXSourcesBuildPhase;
			buildActionMask = 2147483647;
			files = (
				F1F30A051BC8A67C693F103C /* PolskiGrammarApp.swift in Sources */,
				41CEB7EC7C0A2DCBB631E389 /* FlashCardView.swift in Sources */,
				B576BB9AF17151EB187B94D9 /* VocabularyCardView.swift in Sources */,
				5EB1B46A6504378E915ECFDD /* SwipeToRate.swift in Sources */,
				8FC270348B2B8F65DBF0CFB1 /* RiveEffectOverlay.swift in Sources */,
			);
			runOnlyForDeploymentPostprocessing = 0;
		};
		42070A997C2FF9E5E5BE6A87 /* Sources */ = {
			isa = PBXSourcesBuildPhase;
			buildActionMask = 2147483647;
			files = (
				671451D1F39035C9ED887DC7 /* PolskiGrammarUITests.swift in Sources */,
				F8E4045352128D11DC2949A2 /* FlipRivePerfUITests.swift in Sources */,
				EECB8876E53D3EC387FE87ED /* FlipCorrectnessUITests.swift in Sources */,
				EBB887105C915C857BA5616F /* VocabularyFlipUITests.swift in Sources */,
			);
			runOnlyForDeploymentPostprocessing = 0;
		};
/* End PBXSourcesBuildPhase section */

/* Begin PBXTargetDependency section */
		66AA29B6FBE679B91EB9060E /* PBXTargetDependency */ = {
			isa = PBXTargetDependency;
			name = PolskiGrammar;
			target = FB44DB4E577994D6812B3719 /* PolskiGrammar */;
			targetProxy = 2DD073A2264015E31D1E0EF6 /* PBXContainerItemProxy */;
		};
/* End PBXTargetDependency section */

/* Begin XCBuildConfiguration section */
		06D7EF2CC53BE0B509EF89AD /* Release */ = {
			isa = XCBuildConfiguration;
			buildSettings = {
				ALWAYS_SEARCH_USER_PATHS = NO;
				CLANG_ANALYZER_NONNULL = YES;
				CLANG_ANALYZER_NUMBER_OBJECT_CONVERSION = YES_AGGRESSIVE;
				CLANG_CXX_LANGUAGE_STANDARD = "gnu++14";
				CLANG_CXX_LIBRARY = "libc++";
				CLANG_ENABLE_MODULES = YES;
				CLANG_ENABLE_OBJC_ARC = YES;
				CLANG_ENABLE_OBJC_WEAK = YES;
				CLANG_WARN_BLOCK_CAPTURE_AUTORELEASING = YES;
				CLANG_WARN_BOOL_CONVERSION = YES;
				CLANG_WARN_COMMA = YES;
				CLANG_WARN_CONSTANT_CONVERSION = YES;
				CLANG_WARN_DEPRECATED_OBJC_IMPLEMENTATIONS = YES;
				CLANG_WARN_DIRECT_OBJC_ISA_USAGE = YES_ERROR;
				CLANG_WARN_DOCUMENTATION_COMMENTS = YES;
				CLANG_WARN_EMPTY_BODY = YES;
				CLANG_WARN_ENUM_CONVERSION = YES;
				CLANG_WARN_INFINITE_RECURSION = YES;
				CLANG_WARN_INT_CONVERSION = YES;
				CLANG_WARN_NON_LITERAL_NULL_CONVERSION = YES;
				CLANG_WARN_OBJC_IMPLICIT_RETAIN_SELF = YES;
				CLANG_WARN_OBJC_LITERAL_CONVERSION = YES;
				CLANG_WARN_OBJC_ROOT_CLASS = YES_ERROR;
				CLANG_WARN_QUOTED_INCLUDE_IN_FRAMEWORK_HEADER = YES;
				CLANG_WARN_RANGE_LOOP_ANALYSIS = YES;
				CLANG_WARN_STRICT_PROTOTYPES = YES;
				CLANG_WARN_SUSPICIOUS_MOVE = YES;
				CLANG_WARN_UNGUARDED_AVAILABILITY = YES_AGGRESSIVE;
				CLANG_WARN_UNREACHABLE_CODE = YES;
				CLANG_WARN__DUPLICATE_METHOD_MATCH = YES;
				COPY_PHASE_STRIP = NO;
				DEBUG_INFORMATION_FORMAT = "dwarf-with-dsym";
				ENABLE_NS_ASSERTIONS = NO;
				ENABLE_STRICT_OBJC_MSGSEND = YES;
				GCC_C_LANGUAGE_STANDARD = gnu11;
				GCC_NO_COMMON_BLOCKS = YES;
				GCC_WARN_64_TO_32_BIT_CONVERSION = YES;
				GCC_WARN_ABOUT_RETURN_TYPE = YES_ERROR;
				GCC_WARN_UNDECLARED_SELECTOR = YES;
				GCC_WARN_UNINITIALIZED_AUTOS = YES_AGGRESSIVE;
				GCC_WARN_UNUSED_FUNCTION = YES;
				GCC_WARN_UNUSED_VARIABLE = YES;
				IPHONEOS_DEPLOYMENT_TARGET = 17.0;
				MTL_ENABLE_DEBUG_INFO = NO;
				MTL_FAST_MATH = YES;
				PRODUCT_NAME = "$(TARGET_NAME)";
				SWIFT_COMPILATION_MODE = wholemodule;
				SWIFT_OPTIMIZATION_LEVEL = "-O";
				SWIFT_VERSION = 5.0;
			};
			name = Release;
		};
		0DBBEA2E8DBDE7748A188589 /* Debug */ = {
			isa = XCBuildConfiguration;
			buildSettings = {
				CLANG_ENABLE_OBJC_WEAK = NO;
				GENERATE_INFOPLIST_FILE = YES;
				IPHONEOS_DEPLOYMENT_TARGET = 17.0;
				PRODUCT_BUNDLE_IDENTIFIER = dev.polski.grammarmatrix.ios.uitests;
				SDKROOT = iphoneos;
				SWIFT_VERSION = 5.0;
				TARGETED_DEVICE_FAMILY = "1,2";
				TEST_TARGET_NAME = PolskiGrammar;
			};
			name = Debug;
		};
		3102D4ABF46AA83BC2C6C2BA /* Debug */ = {
			isa = XCBuildConfiguration;
			buildSettings = {
				ASSETCATALOG_COMPILER_APPICON_NAME = AppIcon;
				ASSETCATALOG_COMPILER_GLOBAL_ACCENT_COLOR_NAME = AccentColor;
				CLANG_ENABLE_OBJC_WEAK = NO;
				CODE_SIGN_STYLE = Automatic;
				FRAMEWORK_SEARCH_PATHS = (
					"$(inherited)",
					"$(BUILT_PRODUCTS_DIR)",
				);
				GENERATE_INFOPLIST_FILE = YES;
				INFOPLIST_KEY_CFBundleDisplayName = "Polski Grammar Matrix";
				INFOPLIST_KEY_UIApplicationSceneManifest_Generation = YES;
				INFOPLIST_KEY_UILaunchScreen_Generation = YES;
				INFOPLIST_KEY_UISupportedInterfaceOrientations = "UIInterfaceOrientationPortrait UIInterfaceOrientationPortraitUpsideDown UIInterfaceOrientationLandscapeLeft UIInterfaceOrientationLandscapeRight";
				IPHONEOS_DEPLOYMENT_TARGET = 17.0;
				LD_RUNPATH_SEARCH_PATHS = "$(inherited) @executable_path/Frameworks";
				OTHER_LDFLAGS = (
					"$(inherited)",
					"-framework",
					PolskiShared,
				);
				PRODUCT_BUNDLE_IDENTIFIER = dev.polski.grammarmatrix.ios;
				PRODUCT_NAME = PolskiGrammar;
				SDKROOT = iphoneos;
				SWIFT_VERSION = 5.0;
				TARGETED_DEVICE_FAMILY = "1,2";
			};
			name = Debug;
		};
		35BEA20C5F5127C4DE1B0EA8 /* Debug */ = {
			isa = XCBuildConfiguration;
			buildSettings = {
				ALWAYS_SEARCH_USER_PATHS = NO;
				CLANG_ANALYZER_NONNULL = YES;
				CLANG_ANALYZER_NUMBER_OBJECT_CONVERSION = YES_AGGRESSIVE;
				CLANG_CXX_LANGUAGE_STANDARD = "gnu++14";
				CLANG_CXX_LIBRARY = "libc++";
				CLANG_ENABLE_MODULES = YES;
				CLANG_ENABLE_OBJC_ARC = YES;
				CLANG_ENABLE_OBJC_WEAK = YES;
				CLANG_WARN_BLOCK_CAPTURE_AUTORELEASING = YES;
				CLANG_WARN_BOOL_CONVERSION = YES;
				CLANG_WARN_COMMA = YES;
				CLANG_WARN_CONSTANT_CONVERSION = YES;
				CLANG_WARN_DEPRECATED_OBJC_IMPLEMENTATIONS = YES;
				CLANG_WARN_DIRECT_OBJC_ISA_USAGE = YES_ERROR;
				CLANG_WARN_DOCUMENTATION_COMMENTS = YES;
				CLANG_WARN_EMPTY_BODY = YES;
				CLANG_WARN_ENUM_CONVERSION = YES;
				CLANG_WARN_INFINITE_RECURSION = YES;
				CLANG_WARN_INT_CONVERSION = YES;
				CLANG_WARN_NON_LITERAL_NULL_CONVERSION = YES;
				CLANG_WARN_OBJC_IMPLICIT_RETAIN_SELF = YES;
				CLANG_WARN_OBJC_LITERAL_CONVERSION = YES;
				CLANG_WARN_OBJC_ROOT_CLASS = YES_ERROR;
				CLANG_WARN_QUOTED_INCLUDE_IN_FRAMEWORK_HEADER = YES;
				CLANG_WARN_RANGE_LOOP_ANALYSIS = YES;
				CLANG_WARN_STRICT_PROTOTYPES = YES;
				CLANG_WARN_SUSPICIOUS_MOVE = YES;
				CLANG_WARN_UNGUARDED_AVAILABILITY = YES_AGGRESSIVE;
				CLANG_WARN_UNREACHABLE_CODE = YES;
				CLANG_WARN__DUPLICATE_METHOD_MATCH = YES;
				COPY_PHASE_STRIP = NO;
				DEBUG_INFORMATION_FORMAT = dwarf;
				ENABLE_STRICT_OBJC_MSGSEND = YES;
				ENABLE_TESTABILITY = YES;
				GCC_C_LANGUAGE_STANDARD = gnu11;
				GCC_DYNAMIC_NO_PIC = NO;
				GCC_NO_COMMON_BLOCKS = YES;
				GCC_OPTIMIZATION_LEVEL = 0;
				GCC_PREPROCESSOR_DEFINITIONS = (
					"DEBUG=1",
					"$(inherited)",
				);
				GCC_WARN_64_TO_32_BIT_CONVERSION = YES;
				GCC_WARN_ABOUT_RETURN_TYPE = YES_ERROR;
				GCC_WARN_UNDECLARED_SELECTOR = YES;
				GCC_WARN_UNINITIALIZED_AUTOS = YES_AGGRESSIVE;
				GCC_WARN_UNUSED_FUNCTION = YES;
				GCC_WARN_UNUSED_VARIABLE = YES;
				IPHONEOS_DEPLOYMENT_TARGET = 17.0;
				MTL_ENABLE_DEBUG_INFO = INCLUDE_SOURCE;
				MTL_FAST_MATH = YES;
				ONLY_ACTIVE_ARCH = YES;
				PRODUCT_NAME = "$(TARGET_NAME)";
				SWIFT_ACTIVE_COMPILATION_CONDITIONS = DEBUG;
				SWIFT_OPTIMIZATION_LEVEL = "-Onone";
				SWIFT_VERSION = 5.0;
			};
			name = Debug;
		};
		7E203F94DD50FC59B800D72E /* Release */ = {
			isa = XCBuildConfiguration;
			buildSettings = {
				CLANG_ENABLE_OBJC_WEAK = NO;
				GENERATE_INFOPLIST_FILE = YES;
				IPHONEOS_DEPLOYMENT_TARGET = 17.0;
				PRODUCT_BUNDLE_IDENTIFIER = dev.polski.grammarmatrix.ios.uitests;
				SDKROOT = iphoneos;
				SWIFT_VERSION = 5.0;
				TARGETED_DEVICE_FAMILY = "1,2";
				TEST_TARGET_NAME = PolskiGrammar;
				VALIDATE_PRODUCT = YES;
			};
			name = Release;
		};
		AFA3E5395A1B029C8C6705C5 /* Release */ = {
			isa = XCBuildConfiguration;
			buildSettings = {
				ASSETCATALOG_COMPILER_APPICON_NAME = AppIcon;
				ASSETCATALOG_COMPILER_GLOBAL_ACCENT_COLOR_NAME = AccentColor;
				CLANG_ENABLE_OBJC_WEAK = NO;
				CODE_SIGN_STYLE = Automatic;
				FRAMEWORK_SEARCH_PATHS = (
					"$(inherited)",
					"$(BUILT_PRODUCTS_DIR)",
				);
				GENERATE_INFOPLIST_FILE = YES;
				INFOPLIST_KEY_CFBundleDisplayName = "Polski Grammar Matrix";
				INFOPLIST_KEY_UIApplicationSceneManifest_Generation = YES;
				INFOPLIST_KEY_UILaunchScreen_Generation = YES;
				INFOPLIST_KEY_UISupportedInterfaceOrientations = "UIInterfaceOrientationPortrait UIInterfaceOrientationPortraitUpsideDown UIInterfaceOrientationLandscapeLeft UIInterfaceOrientationLandscapeRight";
				IPHONEOS_DEPLOYMENT_TARGET = 17.0;
				LD_RUNPATH_SEARCH_PATHS = "$(inherited) @executable_path/Frameworks";
				OTHER_LDFLAGS = (
					"$(inherited)",
					"-framework",
					PolskiShared,
				);
				PRODUCT_BUNDLE_IDENTIFIER = dev.polski.grammarmatrix.ios;
				PRODUCT_NAME = PolskiGrammar;
				SDKROOT = iphoneos;
				SWIFT_VERSION = 5.0;
				TARGETED_DEVICE_FAMILY = "1,2";
				VALIDATE_PRODUCT = YES;
			};
			name = Release;
		};
/* End XCBuildConfiguration section */

/* Begin XCConfigurationList section */
		7CF87CE9DBA4C62B533E36EC /* Build configuration list for PBXNativeTarget "PolskiGrammar" */ = {
			isa = XCConfigurationList;
			buildConfigurations = (
				AFA3E5395A1B029C8C6705C5 /* Release */,
				3102D4ABF46AA83BC2C6C2BA /* Debug */,
			);
			defaultConfigurationIsVisible = 0;
			defaultConfigurationName = Release;
		};
		8BAE116421FB7AAFAA2049C5 /* Build configuration list for PBXNativeTarget "PolskiGrammarUITests" */ = {
			isa = XCConfigurationList;
			buildConfigurations = (
				7E203F94DD50FC59B800D72E /* Release */,
				0DBBEA2E8DBDE7748A188589 /* Debug */,
			);
			defaultConfigurationIsVisible = 0;
			defaultConfigurationName = Release;
		};
		A6AC18D9231441DCD4AF1B1D /* Build configuration list for PBXProject "PolskiGrammar" */ = {
			isa = XCConfigurationList;
			buildConfigurations = (
				35BEA20C5F5127C4DE1B0EA8 /* Debug */,
				06D7EF2CC53BE0B509EF89AD /* Release */,
			);
			defaultConfigurationIsVisible = 0;
			defaultConfigurationName = Release;
		};
/* End XCConfigurationList section */

/* Begin XCRemoteSwiftPackageReference section */
		8FA855D566D4854314E84720 /* XCRemoteSwiftPackageReference "rive-ios" */ = {
			isa = XCRemoteSwiftPackageReference;
			repositoryURL = "https://github.com/rive-app/rive-ios";
			requirement = {
				kind = upToNextMajorVersion;
				minimumVersion = 6.27.0;
			};
		};
/* End XCRemoteSwiftPackageReference section */

/* Begin XCSwiftPackageProductDependency section */
		4D15E687014AB5F64FA87B51 /* RiveRuntime */ = {
			isa = XCSwiftPackageProductDependency;
			package = 8FA855D566D4854314E84720 /* XCRemoteSwiftPackageReference "rive-ios" */;
			productName = RiveRuntime;
		};
/* End XCSwiftPackageProductDependency section */
	};
	rootObject = FA7BF08E3714665308C5BBD6 /* Project object */;
}
