// !$*UTF8*$!
{
	archiveVersion = 1;
	classes = {
	};
	objectVersion = 46;
	objects = {

/* Begin PBXBuildFile section */
		08501E986B0D3C180DC36B4E /* RiveRuntime in Frameworks */ = {isa = PBXBuildFile; productRef = 503C40A2857764061337B708 /* RiveRuntime */; };
		0FCA647D840B11FBF68550CC /* RiveEffectOverlay.swift in Sources */ = {isa = PBXBuildFile; fileRef = 8EF0ABC2051A2CEB87A605C9 /* RiveEffectOverlay.swift */; };
		1D960825196557C5D5AFD90E /* SwipeRating.swift in Sources */ = {isa = PBXBuildFile; fileRef = 568E2499F3746680F46C5083 /* SwipeRating.swift */; };
		5177C49B61F7AA8B1335C40F /* again.riv in Resources */ = {isa = PBXBuildFile; fileRef = 10231444D0A6A90FE56FF102 /* again.riv */; };
		702557ED671E2D6C3F522DB1 /* Cocoa.framework in Frameworks */ = {isa = PBXBuildFile; fileRef = B2F222714D803B0307650254 /* Cocoa.framework */; };
		709E9308F130F9060D7019A7 /* confetti.riv in Resources */ = {isa = PBXBuildFile; fileRef = 323AAB88AFAD94312BA4D935 /* confetti.riv */; };
		8A397E98E9DC905AED8A1D8E /* MacFlashCardView.swift in Sources */ = {isa = PBXBuildFile; fileRef = 33450B9D43BE1FDA99941496 /* MacFlashCardView.swift */; };
		8AFE8D0B594516C833B891DE /* MacVocabularyCardView.swift in Sources */ = {isa = PBXBuildFile; fileRef = 20DBCEF98421731FE01056FF /* MacVocabularyCardView.swift */; };
		9925CD46056576B9E27A06A6 /* PolskiGrammarMacApp.swift in Sources */ = {isa = PBXBuildFile; fileRef = 1BCBF1D711EEB23EB416FB8D /* PolskiGrammarMacApp.swift */; };
		BE47A5DEA92E7AB1613284C3 /* MacStyleBlockView.swift in Sources */ = {isa = PBXBuildFile; fileRef = 4BC51927E7E3E80D11A0C7A8 /* MacStyleBlockView.swift */; };
/* End PBXBuildFile section */

/* Begin PBXFileReference section */
		10231444D0A6A90FE56FF102 /* again.riv */ = {isa = PBXFileReference; includeInIndex = 1; path = again.riv; sourceTree = "<group>"; };
		1BCBF1D711EEB23EB416FB8D /* PolskiGrammarMacApp.swift */ = {isa = PBXFileReference; includeInIndex = 1; lastKnownFileType = sourcecode.swift; path = PolskiGrammarMacApp.swift; sourceTree = "<group>"; };
		20DBCEF98421731FE01056FF /* MacVocabularyCardView.swift */ = {isa = PBXFileReference; includeInIndex = 1; lastKnownFileType = sourcecode.swift; path = MacVocabularyCardView.swift; sourceTree = "<group>"; };
		323AAB88AFAD94312BA4D935 /* confetti.riv */ = {isa = PBXFileReference; includeInIndex = 1; path = confetti.riv; sourceTree = "<group>"; };
		33450B9D43BE1FDA99941496 /* MacFlashCardView.swift */ = {isa = PBXFileReference; includeInIndex = 1; lastKnownFileType = sourcecode.swift; path = MacFlashCardView.swift; sourceTree = "<group>"; };
		35D358E3AA4D61ACD0370DB4 /* PolskiGrammarMac.app */ = {isa = PBXFileReference; explicitFileType = wrapper.application; includeInIndex = 0; path = PolskiGrammarMac.app; sourceTree = BUILT_PRODUCTS_DIR; };
		4BC51927E7E3E80D11A0C7A8 /* MacStyleBlockView.swift */ = {isa = PBXFileReference; includeInIndex = 1; lastKnownFileType = sourcecode.swift; path = MacStyleBlockView.swift; sourceTree = "<group>"; };
		568E2499F3746680F46C5083 /* SwipeRating.swift */ = {isa = PBXFileReference; includeInIndex = 1; lastKnownFileType = sourcecode.swift; path = SwipeRating.swift; sourceTree = "<group>"; };
		8EF0ABC2051A2CEB87A605C9 /* RiveEffectOverlay.swift */ = {isa = PBXFileReference; includeInIndex = 1; lastKnownFileType = sourcecode.swift; path = RiveEffectOverlay.swift; sourceTree = "<group>"; };
		B2F222714D803B0307650254 /* Cocoa.framework */ = {isa = PBXFileReference; lastKnownFileType = wrapper.framework; name = Cocoa.framework; path = Platforms/MacOSX.platform/Developer/SDKs/MacOSX15.0.sdk/System/Library/Frameworks/Cocoa.framework; sourceTree = DEVELOPER_DIR; };
/* End PBXFileReference section */

/* Begin PBXFrameworksBuildPhase section */
		3F581E38AF12059EF4111957 /* Frameworks */ = {
			isa = PBXFrameworksBuildPhase;
			buildActionMask = 2147483647;
			files = (
				702557ED671E2D6C3F522DB1 /* Cocoa.framework in Frameworks */,
				08501E986B0D3C180DC36B4E /* RiveRuntime in Frameworks */,
			);
			runOnlyForDeploymentPostprocessing = 0;
		};
/* End PBXFrameworksBuildPhase section */

/* Begin PBXGroup section */
		61F23539C843D998148F13E4 /* Products */ = {
			isa = PBXGroup;
			children = (
				35D358E3AA4D61ACD0370DB4 /* PolskiGrammarMac.app */,
			);
			name = Products;
			sourceTree = "<group>";
		};
		A4567E8F70A8E4D072A154A1 /* PolskiGrammarMac */ = {
			isa = PBXGroup;
			children = (
				1BCBF1D711EEB23EB416FB8D /* PolskiGrammarMacApp.swift */,
				33450B9D43BE1FDA99941496 /* MacFlashCardView.swift */,
				4BC51927E7E3E80D11A0C7A8 /* MacStyleBlockView.swift */,
				20DBCEF98421731FE01056FF /* MacVocabularyCardView.swift */,
				8EF0ABC2051A2CEB87A605C9 /* RiveEffectOverlay.swift */,
				568E2499F3746680F46C5083 /* SwipeRating.swift */,
				B1D5AD7EEB90E47AA14A588E /* Rive */,
			);
			name = PolskiGrammarMac;
			path = PolskiGrammarMac;
			sourceTree = "<group>";
		};
		B1D5AD7EEB90E47AA14A588E /* Rive */ = {
			isa = PBXGroup;
			children = (
				323AAB88AFAD94312BA4D935 /* confetti.riv */,
				10231444D0A6A90FE56FF102 /* again.riv */,
			);
			name = Rive;
			path = Rive;
			sourceTree = "<group>";
		};
		BECD8A53126B49C002DC9D62 = {
			isa = PBXGroup;
			children = (
				61F23539C843D998148F13E4 /* Products */,
				E6C5BED4AC7D60B334B4C263 /* Frameworks */,
				A4567E8F70A8E4D072A154A1 /* PolskiGrammarMac */,
			);
			sourceTree = "<group>";
		};
		E5CB042F3697BD903DB64142 /* OS X */ = {
			isa = PBXGroup;
			children = (
				B2F222714D803B0307650254 /* Cocoa.framework */,
			);
			name = "OS X";
			sourceTree = "<group>";
		};
		E6C5BED4AC7D60B334B4C263 /* Frameworks */ = {
			isa = PBXGroup;
			children = (
				E5CB042F3697BD903DB64142 /* OS X */,
			);
			name = Frameworks;
			sourceTree = "<group>";
		};
/* End PBXGroup section */

/* Begin PBXNativeTarget section */
		D8D79D832B14CF19D5E0800B /* PolskiGrammarMac */ = {
			isa = PBXNativeTarget;
			buildConfigurationList = 7E34FA8DE0129F88F116D624 /* Build configuration list for PBXNativeTarget "PolskiGrammarMac" */;
			buildPhases = (
				77685CB9696C50CA3C5DF20E /* Build Kotlin macOS framework */,
				1213DD931319AD9CE22573D3 /* Sources */,
				3F581E38AF12059EF4111957 /* Frameworks */,
				A540C348A047BBB48433C673 /* Resources */,
			);
			buildRules = (
			);
			dependencies = (
			);
			name = PolskiGrammarMac;
			packageProductDependencies = (
				503C40A2857764061337B708 /* RiveRuntime */,
			);
			productName = PolskiGrammarMac;
			productReference = 35D358E3AA4D61ACD0370DB4 /* PolskiGrammarMac.app */;
			productType = "com.apple.product-type.application";
		};
/* End PBXNativeTarget section */

/* Begin PBXProject section */
		DA9C7CC1C0524A1C7AF92215 /* Project object */ = {
			isa = PBXProject;
			attributes = {
				LastSwiftUpdateCheck = 1600;
				LastUpgradeCheck = 1600;
			};
			buildConfigurationList = 633108002EAD7722BFE9F04B /* Build configuration list for PBXProject "PolskiGrammarMac" */;
			compatibilityVersion = "Xcode 14.0";
			developmentRegion = ru;
			hasScannedForEncodings = 0;
			knownRegions = (
				en,
				Base,
			);
			mainGroup = BECD8A53126B49C002DC9D62;
			minimizedProjectReferenceProxies = 0;
			packageReferences = (
				DBB1363776191D0A91BC98CD /* XCRemoteSwiftPackageReference "rive-ios" */,
			);
			preferredProjectObjectVersion = 77;
			productRefGroup = 61F23539C843D998148F13E4 /* Products */;
			projectDirPath = "";
			projectRoot = "";
			targets = (
				D8D79D832B14CF19D5E0800B /* PolskiGrammarMac */,
			);
		};
/* End PBXProject section */

/* Begin PBXResourcesBuildPhase section */
		A540C348A047BBB48433C673 /* Resources */ = {
			isa = PBXResourcesBuildPhase;
			buildActionMask = 2147483647;
			files = (
				709E9308F130F9060D7019A7 /* confetti.riv in Resources */,
				5177C49B61F7AA8B1335C40F /* again.riv in Resources */,
			);
			runOnlyForDeploymentPostprocessing = 0;
		};
/* End PBXResourcesBuildPhase section */

/* Begin PBXShellScriptBuildPhase section */
		77685CB9696C50CA3C5DF20E /* Build Kotlin macOS framework */ = {
			isa = PBXShellScriptBuildPhase;
			alwaysOutOfDate = 1;
			buildActionMask = 2147483647;
			files = (
			);
			inputFileListPaths = (
			);
			inputPaths = (
			);
			name = "Build Kotlin macOS framework";
			outputFileListPaths = (
			);
			outputPaths = (
			);
			runOnlyForDeploymentPostprocessing = 0;
			shellPath = /bin/sh;
			shellScript = "set -euo pipefail\ncd \"${SRCROOT}/..\"\nif [[ \"${ARCHS}\" != *arm64* ]]; then\n  echo \"Only macosArm64 is verified; Intel requires a separate Kotlin target\" >&2\n  exit 1\nfi\n./gradlew :shared:linkDebugFrameworkMacosArm64 --console=plain\nrm -rf \"${BUILT_PRODUCTS_DIR}/PolskiShared.framework\"\ncp -R \"shared/build/bin/macosArm64/debugFramework/PolskiShared.framework\" \"${BUILT_PRODUCTS_DIR}/PolskiShared.framework\"\n";
		};
/* End PBXShellScriptBuildPhase section */

/* Begin PBXSourcesBuildPhase section */
		1213DD931319AD9CE22573D3 /* Sources */ = {
			isa = PBXSourcesBuildPhase;
			buildActionMask = 2147483647;
			files = (
				9925CD46056576B9E27A06A6 /* PolskiGrammarMacApp.swift in Sources */,
				8A397E98E9DC905AED8A1D8E /* MacFlashCardView.swift in Sources */,
				BE47A5DEA92E7AB1613284C3 /* MacStyleBlockView.swift in Sources */,
				8AFE8D0B594516C833B891DE /* MacVocabularyCardView.swift in Sources */,
				0FCA647D840B11FBF68550CC /* RiveEffectOverlay.swift in Sources */,
				1D960825196557C5D5AFD90E /* SwipeRating.swift in Sources */,
			);
			runOnlyForDeploymentPostprocessing = 0;
		};
/* End PBXSourcesBuildPhase section */

/* Begin XCBuildConfiguration section */
		7D851FE751D2B48DA79BACED /* Release */ = {
			isa = XCBuildConfiguration;
			buildSettings = {
				ARCHS = arm64;
				ASSETCATALOG_COMPILER_APPICON_NAME = AppIcon;
				ASSETCATALOG_COMPILER_GLOBAL_ACCENT_COLOR_NAME = AccentColor;
				CODE_SIGN_STYLE = Automatic;
				COMBINE_HIDPI_IMAGES = YES;
				FRAMEWORK_SEARCH_PATHS = (
					"$(inherited)",
					"$(BUILT_PRODUCTS_DIR)",
				);
				GENERATE_INFOPLIST_FILE = YES;
				INFOPLIST_KEY_CFBundleDisplayName = "Polski Grammar Matrix";
				LD_RUNPATH_SEARCH_PATHS = "$(inherited) @executable_path/../Frameworks";
				MACOSX_DEPLOYMENT_TARGET = 14.0;
				OTHER_LDFLAGS = (
					"$(inherited)",
					"-framework",
					PolskiShared,
				);
				PRODUCT_BUNDLE_IDENTIFIER = dev.polski.grammarmatrix.mac;
				PRODUCT_NAME = PolskiGrammarMac;
				SDKROOT = macosx;
				SWIFT_VERSION = 5.0;
			};
			name = Release;
		};
		7FD65DAA3C199E3623B22935 /* Debug */ = {
			isa = XCBuildConfiguration;
			buildSettings = {
				ARCHS = arm64;
				ASSETCATALOG_COMPILER_APPICON_NAME = AppIcon;
				ASSETCATALOG_COMPILER_GLOBAL_ACCENT_COLOR_NAME = AccentColor;
				CODE_SIGN_STYLE = Automatic;
				COMBINE_HIDPI_IMAGES = YES;
				FRAMEWORK_SEARCH_PATHS = (
					"$(inherited)",
					"$(BUILT_PRODUCTS_DIR)",
				);
				GENERATE_INFOPLIST_FILE = YES;
				INFOPLIST_KEY_CFBundleDisplayName = "Polski Grammar Matrix";
				LD_RUNPATH_SEARCH_PATHS = "$(inherited) @executable_path/../Frameworks";
				MACOSX_DEPLOYMENT_TARGET = 14.0;
				OTHER_LDFLAGS = (
					"$(inherited)",
					"-framework",
					PolskiShared,
				);
				PRODUCT_BUNDLE_IDENTIFIER = dev.polski.grammarmatrix.mac;
				PRODUCT_NAME = PolskiGrammarMac;
				SDKROOT = macosx;
				SWIFT_VERSION = 5.0;
			};
			name = Debug;
		};
		9BC1178A5E4A3FA6CFAD8A07 /* Release */ = {
			isa = XCBuildConfiguration;
			buildSettings = {
				ALWAYS_SEARCH_USER_PATHS = NO;
				CLANG_ANALYZER_NONNULL = YES;
				CLANG_ANALYZER_NUMBER_OBJECT_CONVERSION = YES_AGGRESSIVE;
				CLANG_CXX_LANGUAGE_STANDARD = "gnu++14";
				CLANG_CXX_LIBRARY = "libc++";
				CLANG_ENABLE_MODULES = YES;
				CLANG_ENABLE_OBJC_ARC = YES;
				CLANG_ENABLE_OBJC_WEAK = YES;
				CLANG_WARN_BLOCK_CAPTURE_AUTORELEASING = YES;
				CLANG_WARN_BOOL_CONVERSION = YES;
				CLANG_WARN_COMMA = YES;
				CLANG_WARN_CONSTANT_CONVERSION = YES;
				CLANG_WARN_DEPRECATED_OBJC_IMPLEMENTATIONS = YES;
				CLANG_WARN_DIRECT_OBJC_ISA_USAGE = YES_ERROR;
				CLANG_WARN_DOCUMENTATION_COMMENTS = YES;
				CLANG_WARN_EMPTY_BODY = YES;
				CLANG_WARN_ENUM_CONVERSION = YES;
				CLANG_WARN_INFINITE_RECURSION = YES;
				CLANG_WARN_INT_CONVERSION = YES;
				CLANG_WARN_NON_LITERAL_NULL_CONVERSION = YES;
				CLANG_WARN_OBJC_IMPLICIT_RETAIN_SELF = YES;
				CLANG_WARN_OBJC_LITERAL_CONVERSION = YES;
				CLANG_WARN_OBJC_ROOT_CLASS = YES_ERROR;
				CLANG_WARN_QUOTED_INCLUDE_IN_FRAMEWORK_HEADER = YES;
				CLANG_WARN_RANGE_LOOP_ANALYSIS = YES;
				CLANG_WARN_STRICT_PROTOTYPES = YES;
				CLANG_WARN_SUSPICIOUS_MOVE = YES;
				CLANG_WARN_UNGUARDED_AVAILABILITY = YES_AGGRESSIVE;
				CLANG_WARN_UNREACHABLE_CODE = YES;
				CLANG_WARN__DUPLICATE_METHOD_MATCH = YES;
				COPY_PHASE_STRIP = NO;
				DEBUG_INFORMATION_FORMAT = "dwarf-with-dsym";
				ENABLE_NS_ASSERTIONS = NO;
				ENABLE_STRICT_OBJC_MSGSEND = YES;
				GCC_C_LANGUAGE_STANDARD = gnu11;
				GCC_NO_COMMON_BLOCKS = YES;
				GCC_WARN_64_TO_32_BIT_CONVERSION = YES;
				GCC_WARN_ABOUT_RETURN_TYPE = YES_ERROR;
				GCC_WARN_UNDECLARED_SELECTOR = YES;
				GCC_WARN_UNINITIALIZED_AUTOS = YES_AGGRESSIVE;
				GCC_WARN_UNUSED_FUNCTION = YES;
				GCC_WARN_UNUSED_VARIABLE = YES;
				MTL_ENABLE_DEBUG_INFO = NO;
				MTL_FAST_MATH = YES;
				PRODUCT_NAME = "$(TARGET_NAME)";
				SWIFT_COMPILATION_MODE = wholemodule;
				SWIFT_OPTIMIZATION_LEVEL = "-O";
				SWIFT_VERSION = 5.0;
			};
			name = Release;
		};
		AEB156F7B2E4585639C230F3 /* Debug */ = {
			isa = XCBuildConfiguration;
			buildSettings = {
				ALWAYS_SEARCH_USER_PATHS = NO;
				CLANG_ANALYZER_NONNULL = YES;
				CLANG_ANALYZER_NUMBER_OBJECT_CONVERSION = YES_AGGRESSIVE;
				CLANG_CXX_LANGUAGE_STANDARD = "gnu++14";
				CLANG_CXX_LIBRARY = "libc++";
				CLANG_ENABLE_MODULES = YES;
				CLANG_ENABLE_OBJC_ARC = YES;
				CLANG_ENABLE_OBJC_WEAK = YES;
				CLANG_WARN_BLOCK_CAPTURE_AUTORELEASING = YES;
				CLANG_WARN_BOOL_CONVERSION = YES;
				CLANG_WARN_COMMA = YES;
				CLANG_WARN_CONSTANT_CONVERSION = YES;
				CLANG_WARN_DEPRECATED_OBJC_IMPLEMENTATIONS = YES;
				CLANG_WARN_DIRECT_OBJC_ISA_USAGE = YES_ERROR;
				CLANG_WARN_DOCUMENTATION_COMMENTS = YES;
				CLANG_WARN_EMPTY_BODY = YES;
				CLANG_WARN_ENUM_CONVERSION = YES;
				CLANG_WARN_INFINITE_RECURSION = YES;
				CLANG_WARN_INT_CONVERSION = YES;
				CLANG_WARN_NON_LITERAL_NULL_CONVERSION = YES;
				CLANG_WARN_OBJC_IMPLICIT_RETAIN_SELF = YES;
				CLANG_WARN_OBJC_LITERAL_CONVERSION = YES;
				CLANG_WARN_OBJC_ROOT_CLASS = YES_ERROR;
				CLANG_WARN_QUOTED_INCLUDE_IN_FRAMEWORK_HEADER = YES;
				CLANG_WARN_RANGE_LOOP_ANALYSIS = YES;
				CLANG_WARN_STRICT_PROTOTYPES = YES;
				CLANG_WARN_SUSPICIOUS_MOVE = YES;
				CLANG_WARN_UNGUARDED_AVAILABILITY = YES_AGGRESSIVE;
				CLANG_WARN_UNREACHABLE_CODE = YES;
				CLANG_WARN__DUPLICATE_METHOD_MATCH = YES;
				COPY_PHASE_STRIP = NO;
				DEBUG_INFORMATION_FORMAT = dwarf;
				ENABLE_STRICT_OBJC_MSGSEND = YES;
				ENABLE_TESTABILITY = YES;
				GCC_C_LANGUAGE_STANDARD = gnu11;
				GCC_DYNAMIC_NO_PIC = NO;
				GCC_NO_COMMON_BLOCKS = YES;
				GCC_OPTIMIZATION_LEVEL = 0;
				GCC_PREPROCESSOR_DEFINITIONS = (
					"DEBUG=1",
					"$(inherited)",
				);
				GCC_WARN_64_TO_32_BIT_CONVERSION = YES;
				GCC_WARN_ABOUT_RETURN_TYPE = YES_ERROR;
				GCC_WARN_UNDECLARED_SELECTOR = YES;
				GCC_WARN_UNINITIALIZED_AUTOS = YES_AGGRESSIVE;
				GCC_WARN_UNUSED_FUNCTION = YES;
				GCC_WARN_UNUSED_VARIABLE = YES;
				MTL_ENABLE_DEBUG_INFO = INCLUDE_SOURCE;
				MTL_FAST_MATH = YES;
				ONLY_ACTIVE_ARCH = YES;
				PRODUCT_NAME = "$(TARGET_NAME)";
				SWIFT_ACTIVE_COMPILATION_CONDITIONS = DEBUG;
				SWIFT_OPTIMIZATION_LEVEL = "-Onone";
				SWIFT_VERSION = 5.0;
			};
			name = Debug;
		};
/* End XCBuildConfiguration section */

/* Begin XCConfigurationList section */
		633108002EAD7722BFE9F04B /* Build configuration list for PBXProject "PolskiGrammarMac" */ = {
			isa = XCConfigurationList;
			buildConfigurations = (
				AEB156F7B2E4585639C230F3 /* Debug */,
				9BC1178A5E4A3FA6CFAD8A07 /* Release */,
			);
			defaultConfigurationIsVisible = 0;
			defaultConfigurationName = Release;
		};
		7E34FA8DE0129F88F116D624 /* Build configuration list for PBXNativeTarget "PolskiGrammarMac" */ = {
			isa = XCConfigurationList;
			buildConfigurations = (
				7D851FE751D2B48DA79BACED /* Release */,
				7FD65DAA3C199E3623B22935 /* Debug */,
			);
			defaultConfigurationIsVisible = 0;
			defaultConfigurationName = Release;
		};
/* End XCConfigurationList section */

/* Begin XCRemoteSwiftPackageReference section */
		DBB1363776191D0A91BC98CD /* XCRemoteSwiftPackageReference "rive-ios" */ = {
			isa = XCRemoteSwiftPackageReference;
			repositoryURL = "https://github.com/rive-app/rive-ios";
			requirement = {
				kind = upToNextMajorVersion;
				minimumVersion = 6.27.0;
			};
		};
/* End XCRemoteSwiftPackageReference section */

/* Begin XCSwiftPackageProductDependency section */
		503C40A2857764061337B708 /* RiveRuntime */ = {
			isa = XCSwiftPackageProductDependency;
			package = DBB1363776191D0A91BC98CD /* XCRemoteSwiftPackageReference "rive-ios" */;
			productName = RiveRuntime;
		};
/* End XCSwiftPackageProductDependency section */
	};
	rootObject = DA9C7CC1C0524A1C7AF92215 /* Project object */;
}
