// !$*UTF8*$!
{
	archiveVersion = 1;
	classes = {
	};
	objectVersion = 46;
	objects = {

/* Begin PBXBuildFile section */
		02B38A20C0911FA16418D67A /* MacFlashCardView.swift in Sources */ = {isa = PBXBuildFile; fileRef = EBAA20F971E585BF5FD389E8 /* MacFlashCardView.swift */; };
		1A232E44FB401BC3811D21F7 /* RiveRuntime in Frameworks */ = {isa = PBXBuildFile; productRef = 305602A39822BAC2F542DAED /* RiveRuntime */; };
		3840D9D6788EA5CD7C488BC8 /* RiveEffectOverlay.swift in Sources */ = {isa = PBXBuildFile; fileRef = F6051C442312E34E19BE920C /* RiveEffectOverlay.swift */; };
		64AFC46FB17924E6D248E95D /* PolskiGrammarMacApp.swift in Sources */ = {isa = PBXBuildFile; fileRef = A99BC724F4BBFFC9F639B4A9 /* PolskiGrammarMacApp.swift */; };
		A85D858E36886AEEF19293E5 /* again.riv in Resources */ = {isa = PBXBuildFile; fileRef = D907D292D79B7CFC45257DE7 /* again.riv */; };
		BF736B32E5E1D88BBF0E7547 /* Cocoa.framework in Frameworks */ = {isa = PBXBuildFile; fileRef = E5260599A32B4F6320446C56 /* Cocoa.framework */; };
		C1B06FF79E490BD989E6A8A9 /* confetti.riv in Resources */ = {isa = PBXBuildFile; fileRef = CBA52FC131CE64B71B277955 /* confetti.riv */; };
/* End PBXBuildFile section */

/* Begin PBXFileReference section */
		A99BC724F4BBFFC9F639B4A9 /* PolskiGrammarMacApp.swift */ = {isa = PBXFileReference; includeInIndex = 1; lastKnownFileType = sourcecode.swift; path = PolskiGrammarMacApp.swift; sourceTree = "<group>"; };
		CBA52FC131CE64B71B277955 /* confetti.riv */ = {isa = PBXFileReference; includeInIndex = 1; path = confetti.riv; sourceTree = "<group>"; };
		D907D292D79B7CFC45257DE7 /* again.riv */ = {isa = PBXFileReference; includeInIndex = 1; path = again.riv; sourceTree = "<group>"; };
		D9E5819805CFFB3E4A3F9C59 /* PolskiGrammarMac.app */ = {isa = PBXFileReference; explicitFileType = wrapper.application; includeInIndex = 0; path = PolskiGrammarMac.app; sourceTree = BUILT_PRODUCTS_DIR; };
		E5260599A32B4F6320446C56 /* Cocoa.framework */ = {isa = PBXFileReference; lastKnownFileType = wrapper.framework; name = Cocoa.framework; path = Platforms/MacOSX.platform/Developer/SDKs/MacOSX15.0.sdk/System/Library/Frameworks/Cocoa.framework; sourceTree = DEVELOPER_DIR; };
		EBAA20F971E585BF5FD389E8 /* MacFlashCardView.swift */ = {isa = PBXFileReference; includeInIndex = 1; lastKnownFileType = sourcecode.swift; path = MacFlashCardView.swift; sourceTree = "<group>"; };
		F6051C442312E34E19BE920C /* RiveEffectOverlay.swift */ = {isa = PBXFileReference; includeInIndex = 1; lastKnownFileType = sourcecode.swift; path = RiveEffectOverlay.swift; sourceTree = "<group>"; };
/* End PBXFileReference section */

/* Begin PBXFrameworksBuildPhase section */
		5E1F859A430F30F64686FC8A /* Frameworks */ = {
			isa = PBXFrameworksBuildPhase;
			buildActionMask = 2147483647;
			files = (
				BF736B32E5E1D88BBF0E7547 /* Cocoa.framework in Frameworks */,
				1A232E44FB401BC3811D21F7 /* RiveRuntime in Frameworks */,
			);
			runOnlyForDeploymentPostprocessing = 0;
		};
/* End PBXFrameworksBuildPhase section */

/* Begin PBXGroup section */
		45232AC2EC8641D2B8FCDA89 /* Frameworks */ = {
			isa = PBXGroup;
			children = (
				9B1C50C22A0DDFDDFC365EAB /* OS X */,
			);
			name = Frameworks;
			sourceTree = "<group>";
		};
		9B1C50C22A0DDFDDFC365EAB /* OS X */ = {
			isa = PBXGroup;
			children = (
				E5260599A32B4F6320446C56 /* Cocoa.framework */,
			);
			name = "OS X";
			sourceTree = "<group>";
		};
		A3950E3D502DBF9F253A736E /* Rive */ = {
			isa = PBXGroup;
			children = (
				CBA52FC131CE64B71B277955 /* confetti.riv */,
				D907D292D79B7CFC45257DE7 /* again.riv */,
			);
			name = Rive;
			path = Rive;
			sourceTree = "<group>";
		};
		C6846B08353738FA76CDA32F /* PolskiGrammarMac */ = {
			isa = PBXGroup;
			children = (
				A99BC724F4BBFFC9F639B4A9 /* PolskiGrammarMacApp.swift */,
				EBAA20F971E585BF5FD389E8 /* MacFlashCardView.swift */,
				F6051C442312E34E19BE920C /* RiveEffectOverlay.swift */,
				A3950E3D502DBF9F253A736E /* Rive */,
			);
			name = PolskiGrammarMac;
			path = PolskiGrammarMac;
			sourceTree = "<group>";
		};
		E098CE546D5729DDAA0E2D03 = {
			isa = PBXGroup;
			children = (
				F2F459ABF7B9067019A71E9C /* Products */,
				45232AC2EC8641D2B8FCDA89 /* Frameworks */,
				C6846B08353738FA76CDA32F /* PolskiGrammarMac */,
			);
			sourceTree = "<group>";
		};
		F2F459ABF7B9067019A71E9C /* Products */ = {
			isa = PBXGroup;
			children = (
				D9E5819805CFFB3E4A3F9C59 /* PolskiGrammarMac.app */,
			);
			name = Products;
			sourceTree = "<group>";
		};
/* End PBXGroup section */

/* Begin PBXNativeTarget section */
		7261BC28AC33B77574889DC4 /* PolskiGrammarMac */ = {
			isa = PBXNativeTarget;
			buildConfigurationList = 31364C79BC371576B1239C53 /* Build configuration list for PBXNativeTarget "PolskiGrammarMac" */;
			buildPhases = (
				5F3C3A5267F5E318700F79EA /* Build Kotlin macOS framework */,
				BDCDDB0D119BD54668AC0966 /* Sources */,
				5E1F859A430F30F64686FC8A /* Frameworks */,
				8FF88F6102A3D44C089C756A /* Resources */,
			);
			buildRules = (
			);
			dependencies = (
			);
			name = PolskiGrammarMac;
			packageProductDependencies = (
				305602A39822BAC2F542DAED /* RiveRuntime */,
			);
			productName = PolskiGrammarMac;
			productReference = D9E5819805CFFB3E4A3F9C59 /* PolskiGrammarMac.app */;
			productType = "com.apple.product-type.application";
		};
/* End PBXNativeTarget section */

/* Begin PBXProject section */
		D100104501958145E5093681 /* Project object */ = {
			isa = PBXProject;
			attributes = {
				LastSwiftUpdateCheck = 1600;
				LastUpgradeCheck = 1600;
			};
			buildConfigurationList = 8437B47B542FD238BB7E73CB /* Build configuration list for PBXProject "PolskiGrammarMac" */;
			compatibilityVersion = "Xcode 14.0";
			developmentRegion = ru;
			hasScannedForEncodings = 0;
			knownRegions = (
				en,
				Base,
			);
			mainGroup = E098CE546D5729DDAA0E2D03;
			minimizedProjectReferenceProxies = 0;
			packageReferences = (
				8BBFCA6395D1D30B9C1886A8 /* XCRemoteSwiftPackageReference "rive-ios" */,
			);
			preferredProjectObjectVersion = 77;
			productRefGroup = F2F459ABF7B9067019A71E9C /* Products */;
			projectDirPath = "";
			projectRoot = "";
			targets = (
				7261BC28AC33B77574889DC4 /* PolskiGrammarMac */,
			);
		};
/* End PBXProject section */

/* Begin PBXResourcesBuildPhase section */
		8FF88F6102A3D44C089C756A /* Resources */ = {
			isa = PBXResourcesBuildPhase;
			buildActionMask = 2147483647;
			files = (
				C1B06FF79E490BD989E6A8A9 /* confetti.riv in Resources */,
				A85D858E36886AEEF19293E5 /* again.riv in Resources */,
			);
			runOnlyForDeploymentPostprocessing = 0;
		};
/* End PBXResourcesBuildPhase section */

/* Begin PBXShellScriptBuildPhase section */
		5F3C3A5267F5E318700F79EA /* Build Kotlin macOS framework */ = {
			isa = PBXShellScriptBuildPhase;
			alwaysOutOfDate = 1;
			buildActionMask = 2147483647;
			files = (
			);
			inputFileListPaths = (
			);
			inputPaths = (
			);
			name = "Build Kotlin macOS framework";
			outputFileListPaths = (
			);
			outputPaths = (
			);
			runOnlyForDeploymentPostprocessing = 0;
			shellPath = /bin/sh;
			shellScript = "set -euo pipefail\ncd \"${SRCROOT}/..\"\nif [[ \"${ARCHS}\" != *arm64* ]]; then\n  echo \"Only macosArm64 is verified; Intel requires a separate Kotlin target\" >&2\n  exit 1\nfi\n./gradlew :shared:linkDebugFrameworkMacosArm64 --console=plain\nrm -rf \"${BUILT_PRODUCTS_DIR}/PolskiShared.framework\"\ncp -R \"shared/build/bin/macosArm64/debugFramework/PolskiShared.framework\" \"${BUILT_PRODUCTS_DIR}/PolskiShared.framework\"\n";
		};
/* End PBXShellScriptBuildPhase section */

/* Begin PBXSourcesBuildPhase section */
		BDCDDB0D119BD54668AC0966 /* Sources */ = {
			isa = PBXSourcesBuildPhase;
			buildActionMask = 2147483647;
			files = (
				64AFC46FB17924E6D248E95D /* PolskiGrammarMacApp.swift in Sources */,
				02B38A20C0911FA16418D67A /* MacFlashCardView.swift in Sources */,
				3840D9D6788EA5CD7C488BC8 /* RiveEffectOverlay.swift in Sources */,
			);
			runOnlyForDeploymentPostprocessing = 0;
		};
/* End PBXSourcesBuildPhase section */

/* Begin XCBuildConfiguration section */
		1BF80915D551149D20E76401 /* Debug */ = {
			isa = XCBuildConfiguration;
			buildSettings = {
				ALWAYS_SEARCH_USER_PATHS = NO;
				CLANG_ANALYZER_NONNULL = YES;
				CLANG_ANALYZER_NUMBER_OBJECT_CONVERSION = YES_AGGRESSIVE;
				CLANG_CXX_LANGUAGE_STANDARD = "gnu++14";
				CLANG_CXX_LIBRARY = "libc++";
				CLANG_ENABLE_MODULES = YES;
				CLANG_ENABLE_OBJC_ARC = YES;
				CLANG_ENABLE_OBJC_WEAK = YES;
				CLANG_WARN_BLOCK_CAPTURE_AUTORELEASING = YES;
				CLANG_WARN_BOOL_CONVERSION = YES;
				CLANG_WARN_COMMA = YES;
				CLANG_WARN_CONSTANT_CONVERSION = YES;
				CLANG_WARN_DEPRECATED_OBJC_IMPLEMENTATIONS = YES;
				CLANG_WARN_DIRECT_OBJC_ISA_USAGE = YES_ERROR;
				CLANG_WARN_DOCUMENTATION_COMMENTS = YES;
				CLANG_WARN_EMPTY_BODY = YES;
				CLANG_WARN_ENUM_CONVERSION = YES;
				CLANG_WARN_INFINITE_RECURSION = YES;
				CLANG_WARN_INT_CONVERSION = YES;
				CLANG_WARN_NON_LITERAL_NULL_CONVERSION = YES;
				CLANG_WARN_OBJC_IMPLICIT_RETAIN_SELF = YES;
				CLANG_WARN_OBJC_LITERAL_CONVERSION = YES;
				CLANG_WARN_OBJC_ROOT_CLASS = YES_ERROR;
				CLANG_WARN_QUOTED_INCLUDE_IN_FRAMEWORK_HEADER = YES;
				CLANG_WARN_RANGE_LOOP_ANALYSIS = YES;
				CLANG_WARN_STRICT_PROTOTYPES = YES;
				CLANG_WARN_SUSPICIOUS_MOVE = YES;
				CLANG_WARN_UNGUARDED_AVAILABILITY = YES_AGGRESSIVE;
				CLANG_WARN_UNREACHABLE_CODE = YES;
				CLANG_WARN__DUPLICATE_METHOD_MATCH = YES;
				COPY_PHASE_STRIP = NO;
				DEBUG_INFORMATION_FORMAT = dwarf;
				ENABLE_STRICT_OBJC_MSGSEND = YES;
				ENABLE_TESTABILITY = YES;
				GCC_C_LANGUAGE_STANDARD = gnu11;
				GCC_DYNAMIC_NO_PIC = NO;
				GCC_NO_COMMON_BLOCKS = YES;
				GCC_OPTIMIZATION_LEVEL = 0;
				GCC_PREPROCESSOR_DEFINITIONS = (
					"DEBUG=1",
					"$(inherited)",
				);
				GCC_WARN_64_TO_32_BIT_CONVERSION = YES;
				GCC_WARN_ABOUT_RETURN_TYPE = YES_ERROR;
				GCC_WARN_UNDECLARED_SELECTOR = YES;
				GCC_WARN_UNINITIALIZED_AUTOS = YES_AGGRESSIVE;
				GCC_WARN_UNUSED_FUNCTION = YES;
				GCC_WARN_UNUSED_VARIABLE = YES;
				MTL_ENABLE_DEBUG_INFO = INCLUDE_SOURCE;
				MTL_FAST_MATH = YES;
				ONLY_ACTIVE_ARCH = YES;
				PRODUCT_NAME = "$(TARGET_NAME)";
				SWIFT_ACTIVE_COMPILATION_CONDITIONS = DEBUG;
				SWIFT_OPTIMIZATION_LEVEL = "-Onone";
				SWIFT_VERSION = 5.0;
			};
			name = Debug;
		};
		6B3F19D58A644555E3C2CB89 /* Release */ = {
			isa = XCBuildConfiguration;
			buildSettings = {
				ALWAYS_SEARCH_USER_PATHS = NO;
				CLANG_ANALYZER_NONNULL = YES;
				CLANG_ANALYZER_NUMBER_OBJECT_CONVERSION = YES_AGGRESSIVE;
				CLANG_CXX_LANGUAGE_STANDARD = "gnu++14";
				CLANG_CXX_LIBRARY = "libc++";
				CLANG_ENABLE_MODULES = YES;
				CLANG_ENABLE_OBJC_ARC = YES;
				CLANG_ENABLE_OBJC_WEAK = YES;
				CLANG_WARN_BLOCK_CAPTURE_AUTORELEASING = YES;
				CLANG_WARN_BOOL_CONVERSION = YES;
				CLANG_WARN_COMMA = YES;
				CLANG_WARN_CONSTANT_CONVERSION = YES;
				CLANG_WARN_DEPRECATED_OBJC_IMPLEMENTATIONS = YES;
				CLANG_WARN_DIRECT_OBJC_ISA_USAGE = YES_ERROR;
				CLANG_WARN_DOCUMENTATION_COMMENTS = YES;
				CLANG_WARN_EMPTY_BODY = YES;
				CLANG_WARN_ENUM_CONVERSION = YES;
				CLANG_WARN_INFINITE_RECURSION = YES;
				CLANG_WARN_INT_CONVERSION = YES;
				CLANG_WARN_NON_LITERAL_NULL_CONVERSION = YES;
				CLANG_WARN_OBJC_IMPLICIT_RETAIN_SELF = YES;
				CLANG_WARN_OBJC_LITERAL_CONVERSION = YES;
				CLANG_WARN_OBJC_ROOT_CLASS = YES_ERROR;
				CLANG_WARN_QUOTED_INCLUDE_IN_FRAMEWORK_HEADER = YES;
				CLANG_WARN_RANGE_LOOP_ANALYSIS = YES;
				CLANG_WARN_STRICT_PROTOTYPES = YES;
				CLANG_WARN_SUSPICIOUS_MOVE = YES;
				CLANG_WARN_UNGUARDED_AVAILABILITY = YES_AGGRESSIVE;
				CLANG_WARN_UNREACHABLE_CODE = YES;
				CLANG_WARN__DUPLICATE_METHOD_MATCH = YES;
				COPY_PHASE_STRIP = NO;
				DEBUG_INFORMATION_FORMAT = "dwarf-with-dsym";
				ENABLE_NS_ASSERTIONS = NO;
				ENABLE_STRICT_OBJC_MSGSEND = YES;
				GCC_C_LANGUAGE_STANDARD = gnu11;
				GCC_NO_COMMON_BLOCKS = YES;
				GCC_WARN_64_TO_32_BIT_CONVERSION = YES;
				GCC_WARN_ABOUT_RETURN_TYPE = YES_ERROR;
				GCC_WARN_UNDECLARED_SELECTOR = YES;
				GCC_WARN_UNINITIALIZED_AUTOS = YES_AGGRESSIVE;
				GCC_WARN_UNUSED_FUNCTION = YES;
				GCC_WARN_UNUSED_VARIABLE = YES;
				MTL_ENABLE_DEBUG_INFO = NO;
				MTL_FAST_MATH = YES;
				PRODUCT_NAME = "$(TARGET_NAME)";
				SWIFT_COMPILATION_MODE = wholemodule;
				SWIFT_OPTIMIZATION_LEVEL = "-O";
				SWIFT_VERSION = 5.0;
			};
			name = Release;
		};
		6D3AC4BC029ECB2C94340288 /* Release */ = {
			isa = XCBuildConfiguration;
			buildSettings = {
				ARCHS = arm64;
				ASSETCATALOG_COMPILER_APPICON_NAME = AppIcon;
				ASSETCATALOG_COMPILER_GLOBAL_ACCENT_COLOR_NAME = AccentColor;
				CODE_SIGN_STYLE = Automatic;
				COMBINE_HIDPI_IMAGES = YES;
				FRAMEWORK_SEARCH_PATHS = (
					"$(inherited)",
					"$(BUILT_PRODUCTS_DIR)",
				);
				GENERATE_INFOPLIST_FILE = YES;
				INFOPLIST_KEY_CFBundleDisplayName = "Polski Grammar Matrix";
				LD_RUNPATH_SEARCH_PATHS = "$(inherited) @executable_path/../Frameworks";
				MACOSX_DEPLOYMENT_TARGET = 14.0;
				OTHER_LDFLAGS = (
					"$(inherited)",
					"-framework",
					PolskiShared,
				);
				PRODUCT_BUNDLE_IDENTIFIER = dev.polski.grammarmatrix.mac;
				PRODUCT_NAME = PolskiGrammarMac;
				SDKROOT = macosx;
				SWIFT_VERSION = 5.0;
			};
			name = Release;
		};
		B53676139FA7450630F9FE9F /* Debug */ = {
			isa = XCBuildConfiguration;
			buildSettings = {
				ARCHS = arm64;
				ASSETCATALOG_COMPILER_APPICON_NAME = AppIcon;
				ASSETCATALOG_COMPILER_GLOBAL_ACCENT_COLOR_NAME = AccentColor;
				CODE_SIGN_STYLE = Automatic;
				COMBINE_HIDPI_IMAGES = YES;
				FRAMEWORK_SEARCH_PATHS = (
					"$(inherited)",
					"$(BUILT_PRODUCTS_DIR)",
				);
				GENERATE_INFOPLIST_FILE = YES;
				INFOPLIST_KEY_CFBundleDisplayName = "Polski Grammar Matrix";
				LD_RUNPATH_SEARCH_PATHS = "$(inherited) @executable_path/../Frameworks";
				MACOSX_DEPLOYMENT_TARGET = 14.0;
				OTHER_LDFLAGS = (
					"$(inherited)",
					"-framework",
					PolskiShared,
				);
				PRODUCT_BUNDLE_IDENTIFIER = dev.polski.grammarmatrix.mac;
				PRODUCT_NAME = PolskiGrammarMac;
				SDKROOT = macosx;
				SWIFT_VERSION = 5.0;
			};
			name = Debug;
		};
/* End XCBuildConfiguration section */

/* Begin XCConfigurationList section */
		31364C79BC371576B1239C53 /* Build configuration list for PBXNativeTarget "PolskiGrammarMac" */ = {
			isa = XCConfigurationList;
			buildConfigurations = (
				6D3AC4BC029ECB2C94340288 /* Release */,
				B53676139FA7450630F9FE9F /* Debug */,
			);
			defaultConfigurationIsVisible = 0;
			defaultConfigurationName = Release;
		};
		8437B47B542FD238BB7E73CB /* Build configuration list for PBXProject "PolskiGrammarMac" */ = {
			isa = XCConfigurationList;
			buildConfigurations = (
				1BF80915D551149D20E76401 /* Debug */,
				6B3F19D58A644555E3C2CB89 /* Release */,
			);
			defaultConfigurationIsVisible = 0;
			defaultConfigurationName = Release;
		};
/* End XCConfigurationList section */

/* Begin XCRemoteSwiftPackageReference section */
		8BBFCA6395D1D30B9C1886A8 /* XCRemoteSwiftPackageReference "rive-ios" */ = {
			isa = XCRemoteSwiftPackageReference;
			repositoryURL = "https://github.com/rive-app/rive-ios";
			requirement = {
				kind = upToNextMajorVersion;
				minimumVersion = 6.27.0;
			};
		};
/* End XCRemoteSwiftPackageReference section */

/* Begin XCSwiftPackageProductDependency section */
		305602A39822BAC2F542DAED /* RiveRuntime */ = {
			isa = XCSwiftPackageProductDependency;
			package = 8BBFCA6395D1D30B9C1886A8 /* XCRemoteSwiftPackageReference "rive-ios" */;
			productName = RiveRuntime;
		};
/* End XCSwiftPackageProductDependency section */
	};
	rootObject = D100104501958145E5093681 /* Project object */;
}
